// !$*UTF8*$!
{
	archiveVersion = 1;
	classes = {
	};
	objectVersion = 46;
	objects = {

/* Begin PBXBuildFile section */
		DF1FC42D1B98D8C8007F9A0F /* Recipes.plist in Resources */ = {isa = PBXBuildFile; fileRef = DF1FC42C1B98D8C8007F9A0F /* Recipes.plist */; };
		DF21340C1BE2A35A00F618AF /* Blueberry Chia.png in Resources */ = {isa = PBXBuildFile; fileRef = DF2134081BE2A35A00F618AF /* Blueberry Chia.png */; };
		DF21340D1BE2A35A00F618AF /* Cashew & Raspberry.png in Resources */ = {isa = PBXBuildFile; fileRef = DF2134091BE2A35A00F618AF /* Cashew & Raspberry.png */; };
		DF21340E1BE2A35A00F618AF /* Sweet Cherry Pie.png in Resources */ = {isa = PBXBuildFile; fileRef = DF21340A1BE2A35A00F618AF /* Sweet Cherry Pie.png */; };
		DF2134131BE2AD3A00F618AF /* Tea and rosehip.png in Resources */ = {isa = PBXBuildFile; fileRef = DF2134111BE2AD3A00F618AF /* Tea and rosehip.png */; };
		DF2134141BE2AD3A00F618AF /* Tea and rosehip2.png in Resources */ = {isa = PBXBuildFile; fileRef = DF2134121BE2AD3A00F618AF /* Tea and rosehip2.png */; };
		DF379A3A1BA8B9C00092EA47 /* ContentHeightTextView.m in Sources */ = {isa = PBXBuildFile; fileRef = DF379A391BA8B9C00092EA47 /* ContentHeightTextView.m */; };
		DF459B1B1BA0CE57002F3162 /* unbeatable_standing_3x.png in Resources */ = {isa = PBXBuildFile; fileRef = DF459B171BA0CE57002F3162 /* unbeatable_standing_3x.png */; };
		DF459B1F1BA0D95F002F3162 /* GreenGodess_3x.png in Resources */ = {isa = PBXBuildFile; fileRef = DF459B1C1BA0D95F002F3162 /* GreenGodess_3x.png */; };
		DF459B211BA0D95F002F3162 /* UnBeatable_3x.png in Resources */ = {isa = PBXBuildFile; fileRef = DF459B1E1BA0D95F002F3162 /* UnBeatable_3x.png */; };
		DF459B241BA41819002F3162 /* Menu Filled-100.png in Resources */ = {isa = PBXBuildFile; fileRef = DF459B221BA41819002F3162 /* Menu Filled-100.png */; };
		DF459B251BA41819002F3162 /* Menu-100.png in Resources */ = {isa = PBXBuildFile; fileRef = DF459B231BA41819002F3162 /* Menu-100.png */; };
		DF459B281BA41900002F3162 /* Menu Filled-25.png in Resources */ = {isa = PBXBuildFile; fileRef = DF459B261BA41900002F3162 /* Menu Filled-25.png */; };
		DF459B291BA41900002F3162 /* Menu-25.png in Resources */ = {isa = PBXBuildFile; fileRef = DF459B271BA41900002F3162 /* Menu-25.png */; };
		DF471DCD1BB87D280002EC8B /* Literature-50.png in Resources */ = {isa = PBXBuildFile; fileRef = DF471DCB1BB87D280002EC8B /* Literature-50.png */; };
		DF471DCE1BB87D280002EC8B /* Literature Filled-50.png in Resources */ = {isa = PBXBuildFile; fileRef = DF471DCC1BB87D280002EC8B /* Literature Filled-50.png */; };
		DF471DD01BB9BA140002EC8B /* Literature-32.png in Resources */ = {isa = PBXBuildFile; fileRef = DF471DCF1BB9BA140002EC8B /* Literature-32.png */; };
		DF471DD21BB9BA3F0002EC8B /* Literature Filled-32.png in Resources */ = {isa = PBXBuildFile; fileRef = DF471DD11BB9BA3F0002EC8B /* Literature Filled-32.png */; };
		DF471DD81BBB2D470002EC8B /* PageContentViewController.m in Sources */ = {isa = PBXBuildFile; fileRef = DF471DD71BBB2D470002EC8B /* PageContentViewController.m */; };
		DF471DDE1BBB2F8F0002EC8B /* PageViewRootViewController.m in Sources */ = {isa = PBXBuildFile; fileRef = DF471DDD1BBB2F8F0002EC8B /* PageViewRootViewController.m */; };
		DF471DE01BC14FCA0002EC8B /* page1.png in Resources */ = {isa = PBXBuildFile; fileRef = DF471DDF1BC14FCA0002EC8B /* page1.png */; };
		DF471DE21BC70C800002EC8B /* Chocolate raspberry shake.png in Resources */ = {isa = PBXBuildFile; fileRef = DF471DE11BC70C800002EC8B /* Chocolate raspberry shake.png */; };
		DF471DE41BC70CCA0002EC8B /* Tropical.png in Resources */ = {isa = PBXBuildFile; fileRef = DF471DE31BC70CCA0002EC8B /* Tropical.png */; };
		DF471DE61BC710270002EC8B /* blueberrypie.png in Resources */ = {isa = PBXBuildFile; fileRef = DF471DE51BC710270002EC8B /* blueberrypie.png */; };
		DF471DE81BC715030002EC8B /* Better than icecream.png in Resources */ = {isa = PBXBuildFile; fileRef = DF471DE71BC715030002EC8B /* Better than icecream.png */; };
		DF471DEB1BCA848B0002EC8B /* SidebarViewController.m in Sources */ = {isa = PBXBuildFile; fileRef = DF471DEA1BCA848B0002EC8B /* SidebarViewController.m */; };
		DF471DEE1BCA8D2D0002EC8B /* SideBarTableViewController.m in Sources */ = {isa = PBXBuildFile; fileRef = DF471DED1BCA8D2D0002EC8B /* SideBarTableViewController.m */; };
		DF471DF11BCC531A0002EC8B /* SidebarDetailedTableViewController.m in Sources */ = {isa = PBXBuildFile; fileRef = DF471DF01BCC531A0002EC8B /* SidebarDetailedTableViewController.m */; };
		DF471DF31BCC5AC00002EC8B /* Instagram_Icon_Large.png in Resources */ = {isa = PBXBuildFile; fileRef = DF471DF21BCC5AC00002EC8B /* Instagram_Icon_Large.png */; };
		DF471DF51BCC5B1F0002EC8B /* ThumbFinal_4.9.15.png in Resources */ = {isa = PBXBuildFile; fileRef = DF471DF41BCC5B1F0002EC8B /* ThumbFinal_4.9.15.png */; };
		DF471DF81BCC5D740002EC8B /* jonas.png in Resources */ = {isa = PBXBuildFile; fileRef = DF471DF61BCC5D740002EC8B /* jonas.png */; };
		DF471DF91BCC5D740002EC8B /* miriam.png in Resources */ = {isa = PBXBuildFile; fileRef = DF471DF71BCC5D740002EC8B /* miriam.png */; };
		DF471DFC1BCC5E8E0002EC8B /* AboutTableViewController.m in Sources */ = {isa = PBXBuildFile; fileRef = DF471DFB1BCC5E8E0002EC8B /* AboutTableViewController.m */; };
		DF471DFE1BCC66390002EC8B /* FB-f-Logo__blue_512.png in Resources */ = {isa = PBXBuildFile; fileRef = DF471DFD1BCC66390002EC8B /* FB-f-Logo__blue_512.png */; };
		DF471E001BCC67460002EC8B /* letter-147563_640.png in Resources */ = {isa = PBXBuildFile; fileRef = DF471DFF1BCC67460002EC8B /* letter-147563_640.png */; };
		DF471E021BCC6BCD0002EC8B /* fiveStar.png in Resources */ = {isa = PBXBuildFile; fileRef = DF471E011BCC6BCD0002EC8B /* fiveStar.png */; };
		DF5B55CD1B73C4EB00F27092 /* RecipeTableViewController.m in Sources */ = {isa = PBXBuildFile; fileRef = DF5B55CC1B73C4EB00F27092 /* RecipeTableViewController.m */; };
		DF66149E1BB5EA020066E432 /* ArchivingObject.m in Sources */ = {isa = PBXBuildFile; fileRef = DF66149D1BB5EA020066E432 /* ArchivingObject.m */; };
		DF75DFD11B85E40100200D89 /* SWRevealViewController.m in Sources */ = {isa = PBXBuildFile; fileRef = DF75DFD01B85E40100200D89 /* SWRevealViewController.m */; };
		DF9C5BEA1B778CD900B46B9D /* Recipe.m in Sources */ = {isa = PBXBuildFile; fileRef = DF9C5BE91B778CD900B46B9D /* Recipe.m */; };
		DF9C5BED1B77980100B46B9D /* DetailedRecipeViewController.m in Sources */ = {isa = PBXBuildFile; fileRef = DF9C5BEC1B77980100B46B9D /* DetailedRecipeViewController.m */; };
		DFA5CCD91BA5CB9100BB1EE3 /* GreenDetox_3x.png in Resources */ = {isa = PBXBuildFile; fileRef = DFA5CCD71BA5CB9100BB1EE3 /* GreenDetox_3x.png */; };
		DFA5CCDA1BA5CB9100BB1EE3 /* Nutty_2_3x.png in Resources */ = {isa = PBXBuildFile; fileRef = DFA5CCD81BA5CB9100BB1EE3 /* Nutty_2_3x.png */; };
		DFAE5AD41B9F6FB3009E0E15 /* Hearts-100.png in Resources */ = {isa = PBXBuildFile; fileRef = DFAE5AD21B9F6FB3009E0E15 /* Hearts-100.png */; };
		DFAE5AD51B9F6FB3009E0E15 /* Like Filled-100.png in Resources */ = {isa = PBXBuildFile; fileRef = DFAE5AD31B9F6FB3009E0E15 /* Like Filled-100.png */; };
		DFCB1DBC1B6E4B5C009FCAA3 /* main.m in Sources */ = {isa = PBXBuildFile; fileRef = DFCB1DBB1B6E4B5C009FCAA3 /* main.m */; };
		DFCB1DBF1B6E4B5C009FCAA3 /* AppDelegate.m in Sources */ = {isa = PBXBuildFile; fileRef = DFCB1DBE1B6E4B5C009FCAA3 /* AppDelegate.m */; };
		DFCB1DC21B6E4B5C009FCAA3 /* FirstViewController.m in Sources */ = {isa = PBXBuildFile; fileRef = DFCB1DC11B6E4B5C009FCAA3 /* FirstViewController.m */; };
		DFCB1DC51B6E4B5C009FCAA3 /* SecondViewController.m in Sources */ = {isa = PBXBuildFile; fileRef = DFCB1DC41B6E4B5C009FCAA3 /* SecondViewController.m */; };
		DFCB1DC81B6E4B5C009FCAA3 /* Main.storyboard in Resources */ = {isa = PBXBuildFile; fileRef = DFCB1DC61B6E4B5C009FCAA3 /* Main.storyboard */; };
		DFCB1DCA1B6E4B5C009FCAA3 /* Images.xcassets in Resources */ = {isa = PBXBuildFile; fileRef = DFCB1DC91B6E4B5C009FCAA3 /* Images.xcassets */; };
		DFCB1DCD1B6E4B5C009FCAA3 /* LaunchScreen.xib in Resources */ = {isa = PBXBuildFile; fileRef = DFCB1DCB1B6E4B5C009FCAA3 /* LaunchScreen.xib */; };
		DFCB1DD91B6E4B5C009FCAA3 /* Smoothie_GardenTests.m in Sources */ = {isa = PBXBuildFile; fileRef = DFCB1DD81B6E4B5C009FCAA3 /* Smoothie_GardenTests.m */; };
		DFE8C7971BDD02A2006DA9D4 /* RecipeTableViewCell.m in Sources */ = {isa = PBXBuildFile; fileRef = DFE8C7961BDD02A2006DA9D4 /* RecipeTableViewCell.m */; };
		DFF852B61BCD76C90009093F /* SettingsTableViewController.m in Sources */ = {isa = PBXBuildFile; fileRef = DFF852B51BCD76C90009093F /* SettingsTableViewController.m */; };
/* End PBXBuildFile section */

/* Begin PBXContainerItemProxy section */
		DFCB1DD31B6E4B5C009FCAA3 /* PBXContainerItemProxy */ = {
			isa = PBXContainerItemProxy;
			containerPortal = DFCB1DAE1B6E4B5C009FCAA3 /* Project object */;
			proxyType = 1;
			remoteGlobalIDString = DFCB1DB51B6E4B5C009FCAA3;
			remoteInfo = "Smoothie Garden";
		};
/* End PBXContainerItemProxy section */

/* Begin PBXFileReference section */
		DF1FC42C1B98D8C8007F9A0F /* Recipes.plist */ = {isa = PBXFileReference; fileEncoding = 4; lastKnownFileType = text.plist.xml; path = Recipes.plist; sourceTree = "<group>"; };
		DF2134081BE2A35A00F618AF /* Blueberry Chia.png */ = {isa = PBXFileReference; lastKnownFileType = image.png; path = "Blueberry Chia.png"; sourceTree = "<group>"; };
		DF2134091BE2A35A00F618AF /* Cashew & Raspberry.png */ = {isa = PBXFileReference; lastKnownFileType = image.png; path = "Cashew & Raspberry.png"; sourceTree = "<group>"; };
		DF21340A1BE2A35A00F618AF /* Sweet Cherry Pie.png */ = {isa = PBXFileReference; lastKnownFileType = image.png; path = "Sweet Cherry Pie.png"; sourceTree = "<group>"; };
		DF2134111BE2AD3A00F618AF /* Tea and rosehip.png */ = {isa = PBXFileReference; lastKnownFileType = image.png; path = "Tea and rosehip.png"; sourceTree = "<group>"; };
		DF2134121BE2AD3A00F618AF /* Tea and rosehip2.png */ = {isa = PBXFileReference; lastKnownFileType = image.png; path = "Tea and rosehip2.png"; sourceTree = "<group>"; };
		DF379A381BA8B9C00092EA47 /* ContentHeightTextView.h */ = {isa = PBXFileReference; fileEncoding = 4; lastKnownFileType = sourcecode.c.h; path = ContentHeightTextView.h; sourceTree = "<group>"; };
		DF379A391BA8B9C00092EA47 /* ContentHeightTextView.m */ = {isa = PBXFileReference; fileEncoding = 4; lastKnownFileType = sourcecode.c.objc; path = ContentHeightTextView.m; sourceTree = "<group>"; };
		DF459B171BA0CE57002F3162 /* unbeatable_standing_3x.png */ = {isa = PBXFileReference; lastKnownFileType = image.png; path = unbeatable_standing_3x.png; sourceTree = "<group>"; };
		DF459B1C1BA0D95F002F3162 /* GreenGodess_3x.png */ = {isa = PBXFileReference; lastKnownFileType = image.png; path = GreenGodess_3x.png; sourceTree = "<group>"; };
		DF459B1E1BA0D95F002F3162 /* UnBeatable_3x.png */ = {isa = PBXFileReference; lastKnownFileType = image.png; path = UnBeatable_3x.png; sourceTree = "<group>"; };
		DF459B221BA41819002F3162 /* Menu Filled-100.png */ = {isa = PBXFileReference; lastKnownFileType = image.png; path = "Menu Filled-100.png"; sourceTree = "<group>"; };
		DF459B231BA41819002F3162 /* Menu-100.png */ = {isa = PBXFileReference; lastKnownFileType = image.png; path = "Menu-100.png"; sourceTree = "<group>"; };
		DF459B261BA41900002F3162 /* Menu Filled-25.png */ = {isa = PBXFileReference; lastKnownFileType = image.png; path = "Menu Filled-25.png"; sourceTree = "<group>"; };
		DF459B271BA41900002F3162 /* Menu-25.png */ = {isa = PBXFileReference; lastKnownFileType = image.png; path = "Menu-25.png"; sourceTree = "<group>"; };
		DF471DCB1BB87D280002EC8B /* Literature-50.png */ = {isa = PBXFileReference; lastKnownFileType = image.png; path = "Literature-50.png"; sourceTree = "<group>"; };
		DF471DCC1BB87D280002EC8B /* Literature Filled-50.png */ = {isa = PBXFileReference; lastKnownFileType = image.png; path = "Literature Filled-50.png"; sourceTree = "<group>"; };
		DF471DCF1BB9BA140002EC8B /* Literature-32.png */ = {isa = PBXFileReference; lastKnownFileType = image.png; path = "Literature-32.png"; sourceTree = "<group>"; };
		DF471DD11BB9BA3F0002EC8B /* Literature Filled-32.png */ = {isa = PBXFileReference; lastKnownFileType = image.png; path = "Literature Filled-32.png"; sourceTree = "<group>"; };
		DF471DD61BBB2D470002EC8B /* PageContentViewController.h */ = {isa = PBXFileReference; fileEncoding = 4; lastKnownFileType = sourcecode.c.h; path = PageContentViewController.h; sourceTree = "<group>"; };
		DF471DD71BBB2D470002EC8B /* PageContentViewController.m */ = {isa = PBXFileReference; fileEncoding = 4; lastKnownFileType = sourcecode.c.objc; path = PageContentViewController.m; sourceTree = "<group>"; };
		DF471DDC1BBB2F8F0002EC8B /* PageViewRootViewController.h */ = {isa = PBXFileReference; fileEncoding = 4; lastKnownFileType = sourcecode.c.h; path = PageViewRootViewController.h; sourceTree = "<group>"; };
		DF471DDD1BBB2F8F0002EC8B /* PageViewRootViewController.m */ = {isa = PBXFileReference; fileEncoding = 4; lastKnownFileType = sourcecode.c.objc; path = PageViewRootViewController.m; sourceTree = "<group>"; };
		DF471DDF1BC14FCA0002EC8B /* page1.png */ = {isa = PBXFileReference; lastKnownFileType = image.png; path = page1.png; sourceTree = "<group>"; };
		DF471DE11BC70C800002EC8B /* Chocolate raspberry shake.png */ = {isa = PBXFileReference; lastKnownFileType = image.png; path = "Chocolate raspberry shake.png"; sourceTree = "<group>"; };
		DF471DE31BC70CCA0002EC8B /* Tropical.png */ = {isa = PBXFileReference; lastKnownFileType = image.png; path = Tropical.png; sourceTree = "<group>"; };
		DF471DE51BC710270002EC8B /* blueberrypie.png */ = {isa = PBXFileReference; lastKnownFileType = image.png; path = blueberrypie.png; sourceTree = "<group>"; };
		DF471DE71BC715030002EC8B /* Better than icecream.png */ = {isa = PBXFileReference; lastKnownFileType = image.png; path = "Better than icecream.png"; sourceTree = "<group>"; };
		DF471DE91BCA848B0002EC8B /* SidebarViewController.h */ = {isa = PBXFileReference; fileEncoding = 4; lastKnownFileType = sourcecode.c.h; path = SidebarViewController.h; sourceTree = "<group>"; };
		DF471DEA1BCA848B0002EC8B /* SidebarViewController.m */ = {isa = PBXFileReference; fileEncoding = 4; lastKnownFileType = sourcecode.c.objc; path = SidebarViewController.m; sourceTree = "<group>"; };
		DF471DEC1BCA8D2D0002EC8B /* SideBarTableViewController.h */ = {isa = PBXFileReference; fileEncoding = 4; lastKnownFileType = sourcecode.c.h; path = SideBarTableViewController.h; sourceTree = "<group>"; };
		DF471DED1BCA8D2D0002EC8B /* SideBarTableViewController.m */ = {isa = PBXFileReference; fileEncoding = 4; lastKnownFileType = sourcecode.c.objc; path = SideBarTableViewController.m; sourceTree = "<group>"; };
		DF471DEF1BCC531A0002EC8B /* SidebarDetailedTableViewController.h */ = {isa = PBXFileReference; fileEncoding = 4; lastKnownFileType = sourcecode.c.h; path = SidebarDetailedTableViewController.h; sourceTree = "<group>"; };
		DF471DF01BCC531A0002EC8B /* SidebarDetailedTableViewController.m */ = {isa = PBXFileReference; fileEncoding = 4; lastKnownFileType = sourcecode.c.objc; path = SidebarDetailedTableViewController.m; sourceTree = "<group>"; };
		DF471DF21BCC5AC00002EC8B /* Instagram_Icon_Large.png */ = {isa = PBXFileReference; lastKnownFileType = image.png; path = Instagram_Icon_Large.png; sourceTree = "<group>"; };
		DF471DF41BCC5B1F0002EC8B /* ThumbFinal_4.9.15.png */ = {isa = PBXFileReference; lastKnownFileType = image.png; path = ThumbFinal_4.9.15.png; sourceTree = "<group>"; };
		DF471DF61BCC5D740002EC8B /* jonas.png */ = {isa = PBXFileReference; lastKnownFileType = image.png; path = jonas.png; sourceTree = "<group>"; };
		DF471DF71BCC5D740002EC8B /* miriam.png */ = {isa = PBXFileReference; lastKnownFileType = image.png; path = miriam.png; sourceTree = "<group>"; };
		DF471DFA1BCC5E8E0002EC8B /* AboutTableViewController.h */ = {isa = PBXFileReference; fileEncoding = 4; lastKnownFileType = sourcecode.c.h; path = AboutTableViewController.h; sourceTree = "<group>"; };
		DF471DFB1BCC5E8E0002EC8B /* AboutTableViewController.m */ = {isa = PBXFileReference; fileEncoding = 4; lastKnownFileType = sourcecode.c.objc; path = AboutTableViewController.m; sourceTree = "<group>"; };
		DF471DFD1BCC66390002EC8B /* FB-f-Logo__blue_512.png */ = {isa = PBXFileReference; lastKnownFileType = image.png; path = "FB-f-Logo__blue_512.png"; sourceTree = "<group>"; };
		DF471DFF1BCC67460002EC8B /* letter-147563_640.png */ = {isa = PBXFileReference; lastKnownFileType = image.png; path = "letter-147563_640.png"; sourceTree = "<group>"; };
		DF471E011BCC6BCD0002EC8B /* fiveStar.png */ = {isa = PBXFileReference; lastKnownFileType = image.png; path = fiveStar.png; sourceTree = "<group>"; };
		DF5B55CB1B73C4EB00F27092 /* RecipeTableViewController.h */ = {isa = PBXFileReference; fileEncoding = 4; lastKnownFileType = sourcecode.c.h; name = RecipeTableViewController.h; path = ../RecipeTableViewController.h; sourceTree = "<group>"; };
		DF5B55CC1B73C4EB00F27092 /* RecipeTableViewController.m */ = {isa = PBXFileReference; fileEncoding = 4; lastKnownFileType = sourcecode.c.objc; name = RecipeTableViewController.m; path = ../RecipeTableViewController.m; sourceTree = "<group>"; };
		DF66149C1BB5EA020066E432 /* ArchivingObject.h */ = {isa = PBXFileReference; fileEncoding = 4; lastKnownFileType = sourcecode.c.h; path = ArchivingObject.h; sourceTree = "<group>"; };
		DF66149D1BB5EA020066E432 /* ArchivingObject.m */ = {isa = PBXFileReference; fileEncoding = 4; lastKnownFileType = sourcecode.c.objc; path = ArchivingObject.m; sourceTree = "<group>"; };
		DF75DFCF1B85E40100200D89 /* SWRevealViewController.h */ = {isa = PBXFileReference; fileEncoding = 4; lastKnownFileType = sourcecode.c.h; path = SWRevealViewController.h; sourceTree = "<group>"; };
		DF75DFD01B85E40100200D89 /* SWRevealViewController.m */ = {isa = PBXFileReference; fileEncoding = 4; lastKnownFileType = sourcecode.c.objc; path = SWRevealViewController.m; sourceTree = "<group>"; };
		DF9C5BE81B778CD900B46B9D /* Recipe.h */ = {isa = PBXFileReference; fileEncoding = 4; lastKnownFileType = sourcecode.c.h; path = Recipe.h; sourceTree = "<group>"; };
		DF9C5BE91B778CD900B46B9D /* Recipe.m */ = {isa = PBXFileReference; fileEncoding = 4; lastKnownFileType = sourcecode.c.objc; path = Recipe.m; sourceTree = "<group>"; };
		DF9C5BEB1B77980100B46B9D /* DetailedRecipeViewController.h */ = {isa = PBXFileReference; fileEncoding = 4; lastKnownFileType = sourcecode.c.h; path = DetailedRecipeViewController.h; sourceTree = "<group>"; };
		DF9C5BEC1B77980100B46B9D /* DetailedRecipeViewController.m */ = {isa = PBXFileReference; fileEncoding = 4; lastKnownFileType = sourcecode.c.objc; path = DetailedRecipeViewController.m; sourceTree = "<group>"; };
		DFA5CCD71BA5CB9100BB1EE3 /* GreenDetox_3x.png */ = {isa = PBXFileReference; lastKnownFileType = image.png; path = GreenDetox_3x.png; sourceTree = "<group>"; };
		DFA5CCD81BA5CB9100BB1EE3 /* Nutty_2_3x.png */ = {isa = PBXFileReference; lastKnownFileType = image.png; path = Nutty_2_3x.png; sourceTree = "<group>"; };
		DFAE5AD21B9F6FB3009E0E15 /* Hearts-100.png */ = {isa = PBXFileReference; lastKnownFileType = image.png; path = "Hearts-100.png"; sourceTree = "<group>"; };
		DFAE5AD31B9F6FB3009E0E15 /* Like Filled-100.png */ = {isa = PBXFileReference; lastKnownFileType = image.png; path = "Like Filled-100.png"; sourceTree = "<group>"; };
		DFCB1DB61B6E4B5C009FCAA3 /* Smoothie Garden.app */ = {isa = PBXFileReference; explicitFileType = wrapper.application; includeInIndex = 0; path = "Smoothie Garden.app"; sourceTree = BUILT_PRODUCTS_DIR; };
		DFCB1DBA1B6E4B5C009FCAA3 /* Info.plist */ = {isa = PBXFileReference; lastKnownFileType = text.plist.xml; path = Info.plist; sourceTree = "<group>"; };
		DFCB1DBB1B6E4B5C009FCAA3 /* main.m */ = {isa = PBXFileReference; lastKnownFileType = sourcecode.c.objc; path = main.m; sourceTree = "<group>"; };
		DFCB1DBD1B6E4B5C009FCAA3 /* AppDelegate.h */ = {isa = PBXFileReference; lastKnownFileType = sourcecode.c.h; path = AppDelegate.h; sourceTree = "<group>"; };
		DFCB1DBE1B6E4B5C009FCAA3 /* AppDelegate.m */ = {isa = PBXFileReference; lastKnownFileType = sourcecode.c.objc; path = AppDelegate.m; sourceTree = "<group>"; };
		DFCB1DC01B6E4B5C009FCAA3 /* FirstViewController.h */ = {isa = PBXFileReference; lastKnownFileType = sourcecode.c.h; path = FirstViewController.h; sourceTree = "<group>"; };
		DFCB1DC11B6E4B5C009FCAA3 /* FirstViewController.m */ = {isa = PBXFileReference; lastKnownFileType = sourcecode.c.objc; path = FirstViewController.m; sourceTree = "<group>"; };
		DFCB1DC31B6E4B5C009FCAA3 /* SecondViewController.h */ = {isa = PBXFileReference; lastKnownFileType = sourcecode.c.h; path = SecondViewController.h; sourceTree = "<group>"; };
		DFCB1DC41B6E4B5C009FCAA3 /* SecondViewController.m */ = {isa = PBXFileReference; lastKnownFileType = sourcecode.c.objc; path = SecondViewController.m; sourceTree = "<group>"; };
		DFCB1DC71B6E4B5C009FCAA3 /* Base */ = {isa = PBXFileReference; lastKnownFileType = file.storyboard; name = Base; path = Base.lproj/Main.storyboard; sourceTree = "<group>"; };
		DFCB1DC91B6E4B5C009FCAA3 /* Images.xcassets */ = {isa = PBXFileReference; lastKnownFileType = folder.assetcatalog; path = Images.xcassets; sourceTree = "<group>"; };
		DFCB1DCC1B6E4B5C009FCAA3 /* Base */ = {isa = PBXFileReference; lastKnownFileType = file.xib; name = Base; path = Base.lproj/LaunchScreen.xib; sourceTree = "<group>"; };
		DFCB1DD21B6E4B5C009FCAA3 /* Smoothie GardenTests.xctest */ = {isa = PBXFileReference; explicitFileType = wrapper.cfbundle; includeInIndex = 0; path = "Smoothie GardenTests.xctest"; sourceTree = BUILT_PRODUCTS_DIR; };
		DFCB1DD71B6E4B5C009FCAA3 /* Info.plist */ = {isa = PBXFileReference; lastKnownFileType = text.plist.xml; path = Info.plist; sourceTree = "<group>"; };
		DFCB1DD81B6E4B5C009FCAA3 /* Smoothie_GardenTests.m */ = {isa = PBXFileReference; lastKnownFileType = sourcecode.c.objc; path = Smoothie_GardenTests.m; sourceTree = "<group>"; };
		DFE8C7951BDD02A2006DA9D4 /* RecipeTableViewCell.h */ = {isa = PBXFileReference; fileEncoding = 4; lastKnownFileType = sourcecode.c.h; path = RecipeTableViewCell.h; sourceTree = "<group>"; };
		DFE8C7961BDD02A2006DA9D4 /* RecipeTableViewCell.m */ = {isa = PBXFileReference; fileEncoding = 4; lastKnownFileType = sourcecode.c.objc; path = RecipeTableViewCell.m; sourceTree = "<group>"; };
		DFF852B41BCD76C90009093F /* SettingsTableViewController.h */ = {isa = PBXFileReference; fileEncoding = 4; lastKnownFileType = sourcecode.c.h; path = SettingsTableViewController.h; sourceTree = "<group>"; };
		DFF852B51BCD76C90009093F /* SettingsTableViewController.m */ = {isa = PBXFileReference; fileEncoding = 4; lastKnownFileType = sourcecode.c.objc; path = SettingsTableViewController.m; sourceTree = "<group>"; };
/* End PBXFileReference section */

/* Begin PBXFrameworksBuildPhase section */
		DFCB1DB31B6E4B5C009FCAA3 /* Frameworks */ = {
			isa = PBXFrameworksBuildPhase;
			buildActionMask = 2147483647;
			files = (
			);
			runOnlyForDeploymentPostprocessing = 0;
		};
		DFCB1DCF1B6E4B5C009FCAA3 /* Frameworks */ = {
			isa = PBXFrameworksBuildPhase;
			buildActionMask = 2147483647;
			files = (
			);
			runOnlyForDeploymentPostprocessing = 0;
		};
/* End PBXFrameworksBuildPhase section */

/* Begin PBXGroup section */
		DF2134101BE2A35E00F618AF /* Recipes */ = {
			isa = PBXGroup;
			children = (
				DFA5CCD71BA5CB9100BB1EE3 /* GreenDetox_3x.png */,
				DFA5CCD81BA5CB9100BB1EE3 /* Nutty_2_3x.png */,
				DF459B1C1BA0D95F002F3162 /* GreenGodess_3x.png */,
				DF471DE51BC710270002EC8B /* blueberrypie.png */,
				DF471DE31BC70CCA0002EC8B /* Tropical.png */,
				DF471DE71BC715030002EC8B /* Better than icecream.png */,
				DF471DE11BC70C800002EC8B /* Chocolate raspberry shake.png */,
				DF459B1E1BA0D95F002F3162 /* UnBeatable_3x.png */,
				DF2134081BE2A35A00F618AF /* Blueberry Chia.png */,
				DF2134091BE2A35A00F618AF /* Cashew & Raspberry.png */,
				DF21340A1BE2A35A00F618AF /* Sweet Cherry Pie.png */,
				DF2134111BE2AD3A00F618AF /* Tea and rosehip.png */,
				DF2134121BE2AD3A00F618AF /* Tea and rosehip2.png */,
			);
			name = Recipes;
			sourceTree = "<group>";
		};
		DF471DD51BBB2D1A0002EC8B /* PageView */ = {
			isa = PBXGroup;
			children = (
				DF471DD61BBB2D470002EC8B /* PageContentViewController.h */,
				DF471DD71BBB2D470002EC8B /* PageContentViewController.m */,
				DF471DDC1BBB2F8F0002EC8B /* PageViewRootViewController.h */,
				DF471DDD1BBB2F8F0002EC8B /* PageViewRootViewController.m */,
			);
			name = PageView;
			sourceTree = "<group>";
		};
		DF5B55CE1B73C51600F27092 /* Custom UIViews */ = {
			isa = PBXGroup;
			children = (
				DF63989C1B8CDD6900C3E966 /* Sidebar */,
				DF5B55CB1B73C4EB00F27092 /* RecipeTableViewController.h */,
				DF5B55CC1B73C4EB00F27092 /* RecipeTableViewController.m */,
				DF9C5BEB1B77980100B46B9D /* DetailedRecipeViewController.h */,
				DF9C5BEC1B77980100B46B9D /* DetailedRecipeViewController.m */,
				DF379A381BA8B9C00092EA47 /* ContentHeightTextView.h */,
				DF379A391BA8B9C00092EA47 /* ContentHeightTextView.m */,
				DFE8C7951BDD02A2006DA9D4 /* RecipeTableViewCell.h */,
				DFE8C7961BDD02A2006DA9D4 /* RecipeTableViewCell.m */,
			);
			name = "Custom UIViews";
			sourceTree = "<group>";
		};
		DF63989C1B8CDD6900C3E966 /* Sidebar */ = {
			isa = PBXGroup;
			children = (
				DF471DE91BCA848B0002EC8B /* SidebarViewController.h */,
				DF471DEA1BCA848B0002EC8B /* SidebarViewController.m */,
				DF471DEC1BCA8D2D0002EC8B /* SideBarTableViewController.h */,
				DF471DED1BCA8D2D0002EC8B /* SideBarTableViewController.m */,
				DF471DEF1BCC531A0002EC8B /* SidebarDetailedTableViewController.h */,
				DF471DF01BCC531A0002EC8B /* SidebarDetailedTableViewController.m */,
				DF471DFA1BCC5E8E0002EC8B /* AboutTableViewController.h */,
				DF471DFB1BCC5E8E0002EC8B /* AboutTableViewController.m */,
				DFF852B41BCD76C90009093F /* SettingsTableViewController.h */,
				DFF852B51BCD76C90009093F /* SettingsTableViewController.m */,
			);
			name = Sidebar;
			sourceTree = "<group>";
		};
		DF66149B1BB5E7FF0066E432 /* Components */ = {
			isa = PBXGroup;
			children = (
				DF66149C1BB5EA020066E432 /* ArchivingObject.h */,
				DF66149D1BB5EA020066E432 /* ArchivingObject.m */,
			);
			name = Components;
			sourceTree = "<group>";
		};
		DF75DFC71B85CB4D00200D89 /* Images */ = {
			isa = PBXGroup;
			children = (
				DF2134101BE2A35E00F618AF /* Recipes */,
				DF471DF61BCC5D740002EC8B /* jonas.png */,
				DF471DF71BCC5D740002EC8B /* miriam.png */,
				DF471E011BCC6BCD0002EC8B /* fiveStar.png */,
				DF471DFF1BCC67460002EC8B /* letter-147563_640.png */,
				DF471DFD1BCC66390002EC8B /* FB-f-Logo__blue_512.png */,
				DF471DF41BCC5B1F0002EC8B /* ThumbFinal_4.9.15.png */,
				DF471DF21BCC5AC00002EC8B /* Instagram_Icon_Large.png */,
				DF471DDF1BC14FCA0002EC8B /* page1.png */,
				DF471DD11BB9BA3F0002EC8B /* Literature Filled-32.png */,
				DF471DCF1BB9BA140002EC8B /* Literature-32.png */,
				DF471DCB1BB87D280002EC8B /* Literature-50.png */,
				DF471DCC1BB87D280002EC8B /* Literature Filled-50.png */,
				DF459B261BA41900002F3162 /* Menu Filled-25.png */,
				DF459B271BA41900002F3162 /* Menu-25.png */,
				DF459B221BA41819002F3162 /* Menu Filled-100.png */,
				DF459B231BA41819002F3162 /* Menu-100.png */,
				DF459B171BA0CE57002F3162 /* unbeatable_standing_3x.png */,
				DFAE5AD21B9F6FB3009E0E15 /* Hearts-100.png */,
				DFAE5AD31B9F6FB3009E0E15 /* Like Filled-100.png */,
			);
			name = Images;
			sourceTree = "<group>";
		};
		DF75DFCE1B85E3E900200D89 /* SWRevealViewController */ = {
			isa = PBXGroup;
			children = (
				DF75DFCF1B85E40100200D89 /* SWRevealViewController.h */,
				DF75DFD01B85E40100200D89 /* SWRevealViewController.m */,
			);
			name = SWRevealViewController;
			sourceTree = "<group>";
		};
		DF9C5BE71B778CBA00B46B9D /* Custom Objects */ = {
			isa = PBXGroup;
			children = (
				DF9C5BE81B778CD900B46B9D /* Recipe.h */,
				DF9C5BE91B778CD900B46B9D /* Recipe.m */,
			);
			name = "Custom Objects";
			sourceTree = "<group>";
		};
		DFCB1DAD1B6E4B5C009FCAA3 = {
			isa = PBXGroup;
			children = (
				DFCB1DB81B6E4B5C009FCAA3 /* Smoothie Garden */,
				DFCB1DD51B6E4B5C009FCAA3 /* Smoothie GardenTests */,
				DFCB1DB71B6E4B5C009FCAA3 /* Products */,
			);
			sourceTree = "<group>";
		};
		DFCB1DB71B6E4B5C009FCAA3 /* Products */ = {
			isa = PBXGroup;
			children = (
				DFCB1DB61B6E4B5C009FCAA3 /* Smoothie Garden.app */,
				DFCB1DD21B6E4B5C009FCAA3 /* Smoothie GardenTests.xctest */,
			);
			name = Products;
			sourceTree = "<group>";
		};
		DFCB1DB81B6E4B5C009FCAA3 /* Smoothie Garden */ = {
			isa = PBXGroup;
			children = (
				DF471DD51BBB2D1A0002EC8B /* PageView */,
				DF66149B1BB5E7FF0066E432 /* Components */,
				DF75DFCE1B85E3E900200D89 /* SWRevealViewController */,
				DF9C5BE71B778CBA00B46B9D /* Custom Objects */,
				DF5B55CE1B73C51600F27092 /* Custom UIViews */,
				DFCB1DBD1B6E4B5C009FCAA3 /* AppDelegate.h */,
				DFCB1DBE1B6E4B5C009FCAA3 /* AppDelegate.m */,
				DFCB1DC01B6E4B5C009FCAA3 /* FirstViewController.h */,
				DFCB1DC11B6E4B5C009FCAA3 /* FirstViewController.m */,
				DFCB1DC31B6E4B5C009FCAA3 /* SecondViewController.h */,
				DFCB1DC41B6E4B5C009FCAA3 /* SecondViewController.m */,
				DFCB1DC61B6E4B5C009FCAA3 /* Main.storyboard */,
				DFCB1DC91B6E4B5C009FCAA3 /* Images.xcassets */,
				DFCB1DCB1B6E4B5C009FCAA3 /* LaunchScreen.xib */,
				DFCB1DB91B6E4B5C009FCAA3 /* Supporting Files */,
				DF1FC42C1B98D8C8007F9A0F /* Recipes.plist */,
			);
			path = "Smoothie Garden";
			sourceTree = "<group>";
		};
		DFCB1DB91B6E4B5C009FCAA3 /* Supporting Files */ = {
			isa = PBXGroup;
			children = (
				DF75DFC71B85CB4D00200D89 /* Images */,
				DFCB1DBA1B6E4B5C009FCAA3 /* Info.plist */,
				DFCB1DBB1B6E4B5C009FCAA3 /* main.m */,
			);
			name = "Supporting Files";
			sourceTree = "<group>";
		};
		DFCB1DD51B6E4B5C009FCAA3 /* Smoothie GardenTests */ = {
			isa = PBXGroup;
			children = (
				DFCB1DD81B6E4B5C009FCAA3 /* Smoothie_GardenTests.m */,
				DFCB1DD61B6E4B5C009FCAA3 /* Supporting Files */,
			);
			path = "Smoothie GardenTests";
			sourceTree = "<group>";
		};
		DFCB1DD61B6E4B5C009FCAA3 /* Supporting Files */ = {
			isa = PBXGroup;
			children = (
				DFCB1DD71B6E4B5C009FCAA3 /* Info.plist */,
			);
			name = "Supporting Files";
			sourceTree = "<group>";
		};
/* End PBXGroup section */

/* Begin PBXNativeTarget section */
		DFCB1DB51B6E4B5C009FCAA3 /* Smoothie Garden */ = {
			isa = PBXNativeTarget;
			buildConfigurationList = DFCB1DDC1B6E4B5C009FCAA3 /* Build configuration list for PBXNativeTarget "Smoothie Garden" */;
			buildPhases = (
				DFCB1DB21B6E4B5C009FCAA3 /* Sources */,
				DFCB1DB31B6E4B5C009FCAA3 /* Frameworks */,
				DFCB1DB41B6E4B5C009FCAA3 /* Resources */,
			);
			buildRules = (
			);
			dependencies = (
			);
			name = "Smoothie Garden";
			productName = "Smoothie Garden";
			productReference = DFCB1DB61B6E4B5C009FCAA3 /* Smoothie Garden.app */;
			productType = "com.apple.product-type.application";
		};
		DFCB1DD11B6E4B5C009FCAA3 /* Smoothie GardenTests */ = {
			isa = PBXNativeTarget;
			buildConfigurationList = DFCB1DDF1B6E4B5C009FCAA3 /* Build configuration list for PBXNativeTarget "Smoothie GardenTests" */;
			buildPhases = (
				DFCB1DCE1B6E4B5C009FCAA3 /* Sources */,
				DFCB1DCF1B6E4B5C009FCAA3 /* Frameworks */,
				DFCB1DD01B6E4B5C009FCAA3 /* Resources */,
			);
			buildRules = (
			);
			dependencies = (
				DFCB1DD41B6E4B5C009FCAA3 /* PBXTargetDependency */,
			);
			name = "Smoothie GardenTests";
			productName = "Smoothie GardenTests";
			productReference = DFCB1DD21B6E4B5C009FCAA3 /* Smoothie GardenTests.xctest */;
			productType = "com.apple.product-type.bundle.unit-test";
		};
/* End PBXNativeTarget section */

/* Begin PBXProject section */
		DFCB1DAE1B6E4B5C009FCAA3 /* Project object */ = {
			isa = PBXProject;
			attributes = {
				LastUpgradeCheck = 0700;
				ORGANIZATIONNAME = "Jonas C Björkell";
				TargetAttributes = {
					DFCB1DB51B6E4B5C009FCAA3 = {
						CreatedOnToolsVersion = 6.3.1;
					};
					DFCB1DD11B6E4B5C009FCAA3 = {
						CreatedOnToolsVersion = 6.3.1;
						TestTargetID = DFCB1DB51B6E4B5C009FCAA3;
					};
				};
			};
			buildConfigurationList = DFCB1DB11B6E4B5C009FCAA3 /* Build configuration list for PBXProject "Smoothie Garden" */;
			compatibilityVersion = "Xcode 3.2";
			developmentRegion = English;
			hasScannedForEncodings = 0;
			knownRegions = (
				en,
				Base,
			);
			mainGroup = DFCB1DAD1B6E4B5C009FCAA3;
			productRefGroup = DFCB1DB71B6E4B5C009FCAA3 /* Products */;
			projectDirPath = "";
			projectRoot = "";
			targets = (
				DFCB1DB51B6E4B5C009FCAA3 /* Smoothie Garden */,
				DFCB1DD11B6E4B5C009FCAA3 /* Smoothie GardenTests */,
			);
		};
/* End PBXProject section */

/* Begin PBXResourcesBuildPhase section */
		DFCB1DB41B6E4B5C009FCAA3 /* Resources */ = {
			isa = PBXResourcesBuildPhase;
			buildActionMask = 2147483647;
			files = (
				DF471DF51BCC5B1F0002EC8B /* ThumbFinal_4.9.15.png in Resources */,
				DF471DE81BC715030002EC8B /* Better than icecream.png in Resources */,
				DF471DF91BCC5D740002EC8B /* miriam.png in Resources */,
				DF471E021BCC6BCD0002EC8B /* fiveStar.png in Resources */,
				DF459B251BA41819002F3162 /* Menu-100.png in Resources */,
				DF459B281BA41900002F3162 /* Menu Filled-25.png in Resources */,
				DF1FC42D1B98D8C8007F9A0F /* Recipes.plist in Resources */,
				DF471E001BCC67460002EC8B /* letter-147563_640.png in Resources */,
				DFA5CCD91BA5CB9100BB1EE3 /* GreenDetox_3x.png in Resources */,
				DF2134131BE2AD3A00F618AF /* Tea and rosehip.png in Resources */,
				DF459B291BA41900002F3162 /* Menu-25.png in Resources */,
				DF21340C1BE2A35A00F618AF /* Blueberry Chia.png in Resources */,
				DF2134141BE2AD3A00F618AF /* Tea and rosehip2.png in Resources */,
				DF21340D1BE2A35A00F618AF /* Cashew & Raspberry.png in Resources */,
				DF459B211BA0D95F002F3162 /* UnBeatable_3x.png in Resources */,
				DF471DD21BB9BA3F0002EC8B /* Literature Filled-32.png in Resources */,
				DFAE5AD51B9F6FB3009E0E15 /* Like Filled-100.png in Resources */,
				DFA5CCDA1BA5CB9100BB1EE3 /* Nutty_2_3x.png in Resources */,
				DF471DCE1BB87D280002EC8B /* Literature Filled-50.png in Resources */,
				DF459B1B1BA0CE57002F3162 /* unbeatable_standing_3x.png in Resources */,
				DF471DF31BCC5AC00002EC8B /* Instagram_Icon_Large.png in Resources */,
				DF471DE41BC70CCA0002EC8B /* Tropical.png in Resources */,
				DF471DCD1BB87D280002EC8B /* Literature-50.png in Resources */,
				DF471DE01BC14FCA0002EC8B /* page1.png in Resources */,
				DFCB1DC81B6E4B5C009FCAA3 /* Main.storyboard in Resources */,
				DF471DF81BCC5D740002EC8B /* jonas.png in Resources */,
				DFCB1DCD1B6E4B5C009FCAA3 /* LaunchScreen.xib in Resources */,
				DF471DD01BB9BA140002EC8B /* Literature-32.png in Resources */,
				DFAE5AD41B9F6FB3009E0E15 /* Hearts-100.png in Resources */,
				DF459B1F1BA0D95F002F3162 /* GreenGodess_3x.png in Resources */,
				DFCB1DCA1B6E4B5C009FCAA3 /* Images.xcassets in Resources */,
				DF471DFE1BCC66390002EC8B /* FB-f-Logo__blue_512.png in Resources */,
				DF471DE61BC710270002EC8B /* blueberrypie.png in Resources */,
				DF21340E1BE2A35A00F618AF /* Sweet Cherry Pie.png in Resources */,
				DF471DE21BC70C800002EC8B /* Chocolate raspberry shake.png in Resources */,
				DF459B241BA41819002F3162 /* Menu Filled-100.png in Resources */,
			);
			runOnlyForDeploymentPostprocessing = 0;
		};
		DFCB1DD01B6E4B5C009FCAA3 /* Resources */ = {
			isa = PBXResourcesBuildPhase;
			buildActionMask = 2147483647;
			files = (
			);
			runOnlyForDeploymentPostprocessing = 0;
		};
/* End PBXResourcesBuildPhase section */

/* Begin PBXSourcesBuildPhase section */
		DFCB1DB21B6E4B5C009FCAA3 /* Sources */ = {
			isa = PBXSourcesBuildPhase;
			buildActionMask = 2147483647;
			files = (
				DF471DDE1BBB2F8F0002EC8B /* PageViewRootViewController.m in Sources */,
				DF5B55CD1B73C4EB00F27092 /* RecipeTableViewController.m in Sources */,
				DF9C5BEA1B778CD900B46B9D /* Recipe.m in Sources */,
				DF66149E1BB5EA020066E432 /* ArchivingObject.m in Sources */,
				DF379A3A1BA8B9C00092EA47 /* ContentHeightTextView.m in Sources */,
				DFCB1DC51B6E4B5C009FCAA3 /* SecondViewController.m in Sources */,
				DFCB1DBF1B6E4B5C009FCAA3 /* AppDelegate.m in Sources */,
				DF471DEE1BCA8D2D0002EC8B /* SideBarTableViewController.m in Sources */,
				DF9C5BED1B77980100B46B9D /* DetailedRecipeViewController.m in Sources */,
				DF471DD81BBB2D470002EC8B /* PageContentViewController.m in Sources */,
				DF471DEB1BCA848B0002EC8B /* SidebarViewController.m in Sources */,
				DFE8C7971BDD02A2006DA9D4 /* RecipeTableViewCell.m in Sources */,
				DFF852B61BCD76C90009093F /* SettingsTableViewController.m in Sources */,
				DF75DFD11B85E40100200D89 /* SWRevealViewController.m in Sources */,
				DFCB1DC21B6E4B5C009FCAA3 /* FirstViewController.m in Sources */,
				DF471DFC1BCC5E8E0002EC8B /* AboutTableViewController.m in Sources */,
				DFCB1DBC1B6E4B5C009FCAA3 /* main.m in Sources */,
				DF471DF11BCC531A0002EC8B /* SidebarDetailedTableViewController.m in Sources */,
			);
			runOnlyForDeploymentPostprocessing = 0;
		};
		DFCB1DCE1B6E4B5C009FCAA3 /* Sources */ = {
			isa = PBXSourcesBuildPhase;
			buildActionMask = 2147483647;
			files = (
				DFCB1DD91B6E4B5C009FCAA3 /* Smoothie_GardenTests.m in Sources */,
			);
			runOnlyForDeploymentPostprocessing = 0;
		};
/* End PBXSourcesBuildPhase section */

/* Begin PBXTargetDependency section */
		DFCB1DD41B6E4B5C009FCAA3 /* PBXTargetDependency */ = {
			isa = PBXTargetDependency;
			target = DFCB1DB51B6E4B5C009FCAA3 /* Smoothie Garden */;
			targetProxy = DFCB1DD31B6E4B5C009FCAA3 /* PBXContainerItemProxy */;
		};
/* End PBXTargetDependency section */

/* Begin PBXVariantGroup section */
		DFCB1DC61B6E4B5C009FCAA3 /* Main.storyboard */ = {
			isa = PBXVariantGroup;
			children = (
				DFCB1DC71B6E4B5C009FCAA3 /* Base */,
			);
			name = Main.storyboard;
			sourceTree = "<group>";
		};
		DFCB1DCB1B6E4B5C009FCAA3 /* LaunchScreen.xib */ = {
			isa = PBXVariantGroup;
			children = (
				DFCB1DCC1B6E4B5C009FCAA3 /* Base */,
			);
			name = LaunchScreen.xib;
			sourceTree = "<group>";
		};
/* End PBXVariantGroup section */

/* Begin XCBuildConfiguration section */
		DFCB1DDA1B6E4B5C009FCAA3 /* Debug */ = {
			isa = XCBuildConfiguration;
			buildSettings = {
				ALWAYS_SEARCH_USER_PATHS = NO;
				CLANG_CXX_LANGUAGE_STANDARD = "gnu++0x";
				CLANG_CXX_LIBRARY = "libc++";
				CLANG_ENABLE_MODULES = YES;
				CLANG_ENABLE_OBJC_ARC = YES;
				CLANG_WARN_BOOL_CONVERSION = YES;
				CLANG_WARN_CONSTANT_CONVERSION = YES;
				CLANG_WARN_DIRECT_OBJC_ISA_USAGE = YES_ERROR;
				CLANG_WARN_EMPTY_BODY = YES;
				CLANG_WARN_ENUM_CONVERSION = YES;
				CLANG_WARN_INT_CONVERSION = YES;
				CLANG_WARN_OBJC_ROOT_CLASS = YES_ERROR;
				CLANG_WARN_UNREACHABLE_CODE = YES;
				CLANG_WARN__DUPLICATE_METHOD_MATCH = YES;
				"CODE_SIGN_IDENTITY[sdk=iphoneos*]" = "iPhone Developer";
				COPY_PHASE_STRIP = NO;
				DEBUG_INFORMATION_FORMAT = "dwarf-with-dsym";
				ENABLE_STRICT_OBJC_MSGSEND = YES;
				ENABLE_TESTABILITY = YES;
				GCC_C_LANGUAGE_STANDARD = gnu99;
				GCC_DYNAMIC_NO_PIC = NO;
				GCC_NO_COMMON_BLOCKS = YES;
				GCC_OPTIMIZATION_LEVEL = 0;
				GCC_PREPROCESSOR_DEFINITIONS = (
					"DEBUG=1",
					"$(inherited)",
				);
				GCC_SYMBOLS_PRIVATE_EXTERN = NO;
				GCC_WARN_64_TO_32_BIT_CONVERSION = YES;
				GCC_WARN_ABOUT_RETURN_TYPE = YES_ERROR;
				GCC_WARN_UNDECLARED_SELECTOR = YES;
				GCC_WARN_UNINITIALIZED_AUTOS = YES_AGGRESSIVE;
				GCC_WARN_UNUSED_FUNCTION = YES;
				GCC_WARN_UNUSED_VARIABLE = YES;
				IPHONEOS_DEPLOYMENT_TARGET = 8.3;
				MTL_ENABLE_DEBUG_INFO = YES;
				ONLY_ACTIVE_ARCH = YES;
				SDKROOT = iphoneos;
				TARGETED_DEVICE_FAMILY = "1,2";
			};
			name = Debug;
		};
		DFCB1DDB1B6E4B5C009FCAA3 /* Release */ = {
			isa = XCBuildConfiguration;
			buildSettings = {
				ALWAYS_SEARCH_USER_PATHS = NO;
				CLANG_CXX_LANGUAGE_STANDARD = "gnu++0x";
				CLANG_CXX_LIBRARY = "libc++";
				CLANG_ENABLE_MODULES = YES;
				CLANG_ENABLE_OBJC_ARC = YES;
				CLANG_WARN_BOOL_CONVERSION = YES;
				CLANG_WARN_CONSTANT_CONVERSION = YES;
				CLANG_WARN_DIRECT_OBJC_ISA_USAGE = YES_ERROR;
				CLANG_WARN_EMPTY_BODY = YES;
				CLANG_WARN_ENUM_CONVERSION = YES;
				CLANG_WARN_INT_CONVERSION = YES;
				CLANG_WARN_OBJC_ROOT_CLASS = YES_ERROR;
				CLANG_WARN_UNREACHABLE_CODE = YES;
				CLANG_WARN__DUPLICATE_METHOD_MATCH = YES;
				"CODE_SIGN_IDENTITY[sdk=iphoneos*]" = "iPhone Developer";
				COPY_PHASE_STRIP = NO;
				DEBUG_INFORMATION_FORMAT = "dwarf-with-dsym";
				ENABLE_NS_ASSERTIONS = NO;
				ENABLE_STRICT_OBJC_MSGSEND = YES;
				GCC_C_LANGUAGE_STANDARD = gnu99;
				GCC_NO_COMMON_BLOCKS = YES;
				GCC_WARN_64_TO_32_BIT_CONVERSION = YES;
				GCC_WARN_ABOUT_RETURN_TYPE = YES_ERROR;
				GCC_WARN_UNDECLARED_SELECTOR = YES;
				GCC_WARN_UNINITIALIZED_AUTOS = YES_AGGRESSIVE;
				GCC_WARN_UNUSED_FUNCTION = YES;
				GCC_WARN_UNUSED_VARIABLE = YES;
				IPHONEOS_DEPLOYMENT_TARGET = 8.3;
				MTL_ENABLE_DEBUG_INFO = NO;
				SDKROOT = iphoneos;
				TARGETED_DEVICE_FAMILY = "1,2";
				VALIDATE_PRODUCT = YES;
			};
			name = Release;
		};
		DFCB1DDD1B6E4B5C009FCAA3 /* Debug */ = {
			isa = XCBuildConfiguration;
			buildSettings = {
				ASSETCATALOG_COMPILER_APPICON_NAME = AppIcon;
				INFOPLIST_FILE = "Smoothie Garden/Info.plist";
				LD_RUNPATH_SEARCH_PATHS = "$(inherited) @executable_path/Frameworks";
				PRODUCT_BUNDLE_IDENTIFIER = "Drive-Blind-Studios.$(PRODUCT_NAME:rfc1034identifier)";
				PRODUCT_NAME = "$(TARGET_NAME)";
			};
			name = Debug;
		};
		DFCB1DDE1B6E4B5C009FCAA3 /* Release */ = {
			isa = XCBuildConfiguration;
			buildSettings = {
				ASSETCATALOG_COMPILER_APPICON_NAME = AppIcon;
				INFOPLIST_FILE = "Smoothie Garden/Info.plist";
				LD_RUNPATH_SEARCH_PATHS = "$(inherited) @executable_path/Frameworks";
				PRODUCT_BUNDLE_IDENTIFIER = "Drive-Blind-Studios.$(PRODUCT_NAME:rfc1034identifier)";
				PRODUCT_NAME = "$(TARGET_NAME)";
			};
			name = Release;
		};
		DFCB1DE01B6E4B5C009FCAA3 /* Debug */ = {
			isa = XCBuildConfiguration;
			buildSettings = {
				BUNDLE_LOADER = "$(TEST_HOST)";
				FRAMEWORK_SEARCH_PATHS = (
					"$(SDKROOT)/Developer/Library/Frameworks",
					"$(inherited)",
				);
				GCC_PREPROCESSOR_DEFINITIONS = (
					"DEBUG=1",
					"$(inherited)",
				);
				INFOPLIST_FILE = "Smoothie GardenTests/Info.plist";
				LD_RUNPATH_SEARCH_PATHS = "$(inherited) @executable_path/Frameworks @loader_path/Frameworks";
				PRODUCT_BUNDLE_IDENTIFIER = "Drive-Blind-Studios.$(PRODUCT_NAME:rfc1034identifier)";
				PRODUCT_NAME = "$(TARGET_NAME)";
				TEST_HOST = "$(BUILT_PRODUCTS_DIR)/Smoothie Garden.app/Smoothie Garden";
			};
			name = Debug;
		};
		DFCB1DE11B6E4B5C009FCAA3 /* Release */ = {
			isa = XCBuildConfiguration;
			buildSettings = {
				BUNDLE_LOADER = "$(TEST_HOST)";
				FRAMEWORK_SEARCH_PATHS = (
					"$(SDKROOT)/Developer/Library/Frameworks",
					"$(inherited)",
				);
				INFOPLIST_FILE = "Smoothie GardenTests/Info.plist";
				LD_RUNPATH_SEARCH_PATHS = "$(inherited) @executable_path/Frameworks @loader_path/Frameworks";
				PRODUCT_BUNDLE_IDENTIFIER = "Drive-Blind-Studios.$(PRODUCT_NAME:rfc1034identifier)";
				PRODUCT_NAME = "$(TARGET_NAME)";
				TEST_HOST = "$(BUILT_PRODUCTS_DIR)/Smoothie Garden.app/Smoothie Garden";
			};
			name = Release;
		};
/* End XCBuildConfiguration section */

/* Begin XCConfigurationList section */
		DFCB1DB11B6E4B5C009FCAA3 /* Build configuration list for PBXProject "Smoothie Garden" */ = {
			isa = XCConfigurationList;
			buildConfigurations = (
				DFCB1DDA1B6E4B5C009FCAA3 /* Debug */,
				DFCB1DDB1B6E4B5C009FCAA3 /* Release */,
			);
			defaultConfigurationIsVisible = 0;
			defaultConfigurationName = Release;
		};
		DFCB1DDC1B6E4B5C009FCAA3 /* Build configuration list for PBXNativeTarget "Smoothie Garden" */ = {
			isa = XCConfigurationList;
			buildConfigurations = (
				DFCB1DDD1B6E4B5C009FCAA3 /* Debug */,
				DFCB1DDE1B6E4B5C009FCAA3 /* Release */,
			);
			defaultConfigurationIsVisible = 0;
			defaultConfigurationName = Release;
		};
		DFCB1DDF1B6E4B5C009FCAA3 /* Build configuration list for PBXNativeTarget "Smoothie GardenTests" */ = {
			isa = XCConfigurationList;
			buildConfigurations = (
				DFCB1DE01B6E4B5C009FCAA3 /* Debug */,
				DFCB1DE11B6E4B5C009FCAA3 /* Release */,
			);
			defaultConfigurationIsVisible = 0;
			defaultConfigurationName = Release;
		};
/* End XCConfigurationList section */
	};
	rootObject = DFCB1DAE1B6E4B5C009FCAA3 /* Project object */;
}
