// !$*UTF8*$!
{
	archiveVersion = 1;
	classes = {
	};
	objectVersion = 46;
	objects = {

/* Begin PBXBuildFile section */
		DF1FC42B1B9331F9007F9A0F /* SmoothieTabBarViewController.m in Sources */ = {isa = PBXBuildFile; fileRef = DF1FC42A1B9331F9007F9A0F /* SmoothieTabBarViewController.m */; };
		DF1FC42D1B98D8C8007F9A0F /* Recipes.plist in Resources */ = {isa = PBXBuildFile; fileRef = DF1FC42C1B98D8C8007F9A0F /* Recipes.plist */; };
		DF2503F01B73D914002AA3CE /* RecipeTableViewCell.m in Sources */ = {isa = PBXBuildFile; fileRef = DF2503EF1B73D914002AA3CE /* RecipeTableViewCell.m */; };
		DF2503F41B73FB55002AA3CE /* Tree-gazebo-and-bridge-in-Nitobe-Memorial-Garden.jpg in Resources */ = {isa = PBXBuildFile; fileRef = DF2503F31B73FB55002AA3CE /* Tree-gazebo-and-bridge-in-Nitobe-Memorial-Garden.jpg */; };
		DF459B181BA0CE57002F3162 /* Cocoapuchino_3x.png in Resources */ = {isa = PBXBuildFile; fileRef = DF459B141BA0CE57002F3162 /* Cocoapuchino_3x.png */; };
		DF459B1B1BA0CE57002F3162 /* unbeatable_standing_3x.png in Resources */ = {isa = PBXBuildFile; fileRef = DF459B171BA0CE57002F3162 /* unbeatable_standing_3x.png */; };
		DF459B1F1BA0D95F002F3162 /* GreenGodess_3x.png in Resources */ = {isa = PBXBuildFile; fileRef = DF459B1C1BA0D95F002F3162 /* GreenGodess_3x.png */; };
		DF459B201BA0D95F002F3162 /* Raspberry kiss_3x.png in Resources */ = {isa = PBXBuildFile; fileRef = DF459B1D1BA0D95F002F3162 /* Raspberry kiss_3x.png */; };
		DF459B211BA0D95F002F3162 /* UnBeatable_3x.png in Resources */ = {isa = PBXBuildFile; fileRef = DF459B1E1BA0D95F002F3162 /* UnBeatable_3x.png */; };
		DF459B241BA41819002F3162 /* Menu Filled-100.png in Resources */ = {isa = PBXBuildFile; fileRef = DF459B221BA41819002F3162 /* Menu Filled-100.png */; };
		DF459B251BA41819002F3162 /* Menu-100.png in Resources */ = {isa = PBXBuildFile; fileRef = DF459B231BA41819002F3162 /* Menu-100.png */; };
		DF459B281BA41900002F3162 /* Menu Filled-25.png in Resources */ = {isa = PBXBuildFile; fileRef = DF459B261BA41900002F3162 /* Menu Filled-25.png */; };
		DF459B291BA41900002F3162 /* Menu-25.png in Resources */ = {isa = PBXBuildFile; fileRef = DF459B271BA41900002F3162 /* Menu-25.png */; };
		DF5B55CD1B73C4EB00F27092 /* RecipeTableViewController.m in Sources */ = {isa = PBXBuildFile; fileRef = DF5B55CC1B73C4EB00F27092 /* RecipeTableViewController.m */; };
		DF63989F1B8CDE6200C3E966 /* AboutViewController.m in Sources */ = {isa = PBXBuildFile; fileRef = DF63989E1B8CDE6200C3E966 /* AboutViewController.m */; };
		DF75DFC91B85CB7B00200D89 /* smoothie_recipes.png in Resources */ = {isa = PBXBuildFile; fileRef = DF75DFC81B85CB7B00200D89 /* smoothie_recipes.png */; };
		DF75DFD11B85E40100200D89 /* SWRevealViewController.m in Sources */ = {isa = PBXBuildFile; fileRef = DF75DFD01B85E40100200D89 /* SWRevealViewController.m */; };
		DF75DFD71B8A228000200D89 /* SidebarTableViewController.m in Sources */ = {isa = PBXBuildFile; fileRef = DF75DFD61B8A228000200D89 /* SidebarTableViewController.m */; };
		DF9C5BEA1B778CD900B46B9D /* Recipe.m in Sources */ = {isa = PBXBuildFile; fileRef = DF9C5BE91B778CD900B46B9D /* Recipe.m */; };
		DF9C5BED1B77980100B46B9D /* DetailedRecipeViewController.m in Sources */ = {isa = PBXBuildFile; fileRef = DF9C5BEC1B77980100B46B9D /* DetailedRecipeViewController.m */; };
		DFA5CCD91BA5CB9100BB1EE3 /* GreenDetox_3x.png in Resources */ = {isa = PBXBuildFile; fileRef = DFA5CCD71BA5CB9100BB1EE3 /* GreenDetox_3x.png */; };
		DFA5CCDA1BA5CB9100BB1EE3 /* Nutty_2_3x.png in Resources */ = {isa = PBXBuildFile; fileRef = DFA5CCD81BA5CB9100BB1EE3 /* Nutty_2_3x.png */; };
		DFAE5AD41B9F6FB3009E0E15 /* Hearts-100.png in Resources */ = {isa = PBXBuildFile; fileRef = DFAE5AD21B9F6FB3009E0E15 /* Hearts-100.png */; };
		DFAE5AD51B9F6FB3009E0E15 /* Like Filled-100.png in Resources */ = {isa = PBXBuildFile; fileRef = DFAE5AD31B9F6FB3009E0E15 /* Like Filled-100.png */; };
		DFCB1DBC1B6E4B5C009FCAA3 /* main.m in Sources */ = {isa = PBXBuildFile; fileRef = DFCB1DBB1B6E4B5C009FCAA3 /* main.m */; };
		DFCB1DBF1B6E4B5C009FCAA3 /* AppDelegate.m in Sources */ = {isa = PBXBuildFile; fileRef = DFCB1DBE1B6E4B5C009FCAA3 /* AppDelegate.m */; };
		DFCB1DC21B6E4B5C009FCAA3 /* FirstViewController.m in Sources */ = {isa = PBXBuildFile; fileRef = DFCB1DC11B6E4B5C009FCAA3 /* FirstViewController.m */; };
		DFCB1DC51B6E4B5C009FCAA3 /* SecondViewController.m in Sources */ = {isa = PBXBuildFile; fileRef = DFCB1DC41B6E4B5C009FCAA3 /* SecondViewController.m */; };
		DFCB1DC81B6E4B5C009FCAA3 /* Main.storyboard in Resources */ = {isa = PBXBuildFile; fileRef = DFCB1DC61B6E4B5C009FCAA3 /* Main.storyboard */; };
		DFCB1DCA1B6E4B5C009FCAA3 /* Images.xcassets in Resources */ = {isa = PBXBuildFile; fileRef = DFCB1DC91B6E4B5C009FCAA3 /* Images.xcassets */; };
		DFCB1DCD1B6E4B5C009FCAA3 /* LaunchScreen.xib in Resources */ = {isa = PBXBuildFile; fileRef = DFCB1DCB1B6E4B5C009FCAA3 /* LaunchScreen.xib */; };
		DFCB1DD91B6E4B5C009FCAA3 /* Smoothie_GardenTests.m in Sources */ = {isa = PBXBuildFile; fileRef = DFCB1DD81B6E4B5C009FCAA3 /* Smoothie_GardenTests.m */; };
/* End PBXBuildFile section */

/* Begin PBXContainerItemProxy section */
		DFCB1DD31B6E4B5C009FCAA3 /* PBXContainerItemProxy */ = {
			isa = PBXContainerItemProxy;
			containerPortal = DFCB1DAE1B6E4B5C009FCAA3 /* Project object */;
			proxyType = 1;
			remoteGlobalIDString = DFCB1DB51B6E4B5C009FCAA3;
			remoteInfo = "Smoothie Garden";
		};
/* End PBXContainerItemProxy section */

/* Begin PBXFileReference section */
		DF1FC4291B9331F9007F9A0F /* SmoothieTabBarViewController.h */ = {isa = PBXFileReference; fileEncoding = 4; lastKnownFileType = sourcecode.c.h; path = SmoothieTabBarViewController.h; sourceTree = "<group>"; };
		DF1FC42A1B9331F9007F9A0F /* SmoothieTabBarViewController.m */ = {isa = PBXFileReference; fileEncoding = 4; lastKnownFileType = sourcecode.c.objc; path = SmoothieTabBarViewController.m; sourceTree = "<group>"; };
		DF1FC42C1B98D8C8007F9A0F /* Recipes.plist */ = {isa = PBXFileReference; fileEncoding = 4; lastKnownFileType = text.plist.xml; path = Recipes.plist; sourceTree = "<group>"; };
		DF2503EE1B73D914002AA3CE /* RecipeTableViewCell.h */ = {isa = PBXFileReference; fileEncoding = 4; lastKnownFileType = sourcecode.c.h; path = RecipeTableViewCell.h; sourceTree = "<group>"; };
		DF2503EF1B73D914002AA3CE /* RecipeTableViewCell.m */ = {isa = PBXFileReference; fileEncoding = 4; lastKnownFileType = sourcecode.c.objc; path = RecipeTableViewCell.m; sourceTree = "<group>"; };
		DF2503F31B73FB55002AA3CE /* Tree-gazebo-and-bridge-in-Nitobe-Memorial-Garden.jpg */ = {isa = PBXFileReference; lastKnownFileType = image.jpeg; path = "Tree-gazebo-and-bridge-in-Nitobe-Memorial-Garden.jpg"; sourceTree = "<group>"; };
		DF459B141BA0CE57002F3162 /* Cocoapuchino_3x.png */ = {isa = PBXFileReference; lastKnownFileType = image.png; path = Cocoapuchino_3x.png; sourceTree = "<group>"; };
		DF459B171BA0CE57002F3162 /* unbeatable_standing_3x.png */ = {isa = PBXFileReference; lastKnownFileType = image.png; path = unbeatable_standing_3x.png; sourceTree = "<group>"; };
		DF459B1C1BA0D95F002F3162 /* GreenGodess_3x.png */ = {isa = PBXFileReference; lastKnownFileType = image.png; path = GreenGodess_3x.png; sourceTree = "<group>"; };
		DF459B1D1BA0D95F002F3162 /* Raspberry kiss_3x.png */ = {isa = PBXFileReference; lastKnownFileType = image.png; path = "Raspberry kiss_3x.png"; sourceTree = "<group>"; };
		DF459B1E1BA0D95F002F3162 /* UnBeatable_3x.png */ = {isa = PBXFileReference; lastKnownFileType = image.png; path = UnBeatable_3x.png; sourceTree = "<group>"; };
		DF459B221BA41819002F3162 /* Menu Filled-100.png */ = {isa = PBXFileReference; lastKnownFileType = image.png; path = "Menu Filled-100.png"; sourceTree = "<group>"; };
		DF459B231BA41819002F3162 /* Menu-100.png */ = {isa = PBXFileReference; lastKnownFileType = image.png; path = "Menu-100.png"; sourceTree = "<group>"; };
		DF459B261BA41900002F3162 /* Menu Filled-25.png */ = {isa = PBXFileReference; lastKnownFileType = image.png; path = "Menu Filled-25.png"; sourceTree = "<group>"; };
		DF459B271BA41900002F3162 /* Menu-25.png */ = {isa = PBXFileReference; lastKnownFileType = image.png; path = "Menu-25.png"; sourceTree = "<group>"; };
		DF5B55CB1B73C4EB00F27092 /* RecipeTableViewController.h */ = {isa = PBXFileReference; fileEncoding = 4; lastKnownFileType = sourcecode.c.h; name = RecipeTableViewController.h; path = ../RecipeTableViewController.h; sourceTree = "<group>"; };
		DF5B55CC1B73C4EB00F27092 /* RecipeTableViewController.m */ = {isa = PBXFileReference; fileEncoding = 4; lastKnownFileType = sourcecode.c.objc; name = RecipeTableViewController.m; path = ../RecipeTableViewController.m; sourceTree = "<group>"; };
		DF63989D1B8CDE6200C3E966 /* AboutViewController.h */ = {isa = PBXFileReference; fileEncoding = 4; lastKnownFileType = sourcecode.c.h; path = AboutViewController.h; sourceTree = "<group>"; };
		DF63989E1B8CDE6200C3E966 /* AboutViewController.m */ = {isa = PBXFileReference; fileEncoding = 4; lastKnownFileType = sourcecode.c.objc; path = AboutViewController.m; sourceTree = "<group>"; };
		DF75DFC81B85CB7B00200D89 /* smoothie_recipes.png */ = {isa = PBXFileReference; lastKnownFileType = image.png; path = smoothie_recipes.png; sourceTree = "<group>"; };
		DF75DFCF1B85E40100200D89 /* SWRevealViewController.h */ = {isa = PBXFileReference; fileEncoding = 4; lastKnownFileType = sourcecode.c.h; path = SWRevealViewController.h; sourceTree = "<group>"; };
		DF75DFD01B85E40100200D89 /* SWRevealViewController.m */ = {isa = PBXFileReference; fileEncoding = 4; lastKnownFileType = sourcecode.c.objc; path = SWRevealViewController.m; sourceTree = "<group>"; };
		DF75DFD51B8A228000200D89 /* SidebarTableViewController.h */ = {isa = PBXFileReference; fileEncoding = 4; lastKnownFileType = sourcecode.c.h; path = SidebarTableViewController.h; sourceTree = "<group>"; };
		DF75DFD61B8A228000200D89 /* SidebarTableViewController.m */ = {isa = PBXFileReference; fileEncoding = 4; lastKnownFileType = sourcecode.c.objc; path = SidebarTableViewController.m; sourceTree = "<group>"; };
		DF9C5BE81B778CD900B46B9D /* Recipe.h */ = {isa = PBXFileReference; fileEncoding = 4; lastKnownFileType = sourcecode.c.h; path = Recipe.h; sourceTree = "<group>"; };
		DF9C5BE91B778CD900B46B9D /* Recipe.m */ = {isa = PBXFileReference; fileEncoding = 4; lastKnownFileType = sourcecode.c.objc; path = Recipe.m; sourceTree = "<group>"; };
		DF9C5BEB1B77980100B46B9D /* DetailedRecipeViewController.h */ = {isa = PBXFileReference; fileEncoding = 4; lastKnownFileType = sourcecode.c.h; path = DetailedRecipeViewController.h; sourceTree = "<group>"; };
		DF9C5BEC1B77980100B46B9D /* DetailedRecipeViewController.m */ = {isa = PBXFileReference; fileEncoding = 4; lastKnownFileType = sourcecode.c.objc; path = DetailedRecipeViewController.m; sourceTree = "<group>"; };
		DFA5CCD71BA5CB9100BB1EE3 /* GreenDetox_3x.png */ = {isa = PBXFileReference; lastKnownFileType = image.png; path = GreenDetox_3x.png; sourceTree = "<group>"; };
		DFA5CCD81BA5CB9100BB1EE3 /* Nutty_2_3x.png */ = {isa = PBXFileReference; lastKnownFileType = image.png; path = Nutty_2_3x.png; sourceTree = "<group>"; };
		DFAE5AD21B9F6FB3009E0E15 /* Hearts-100.png */ = {isa = PBXFileReference; lastKnownFileType = image.png; path = "Hearts-100.png"; sourceTree = "<group>"; };
		DFAE5AD31B9F6FB3009E0E15 /* Like Filled-100.png */ = {isa = PBXFileReference; lastKnownFileType = image.png; path = "Like Filled-100.png"; sourceTree = "<group>"; };
		DFCB1DB61B6E4B5C009FCAA3 /* Smoothie Garden.app */ = {isa = PBXFileReference; explicitFileType = wrapper.application; includeInIndex = 0; path = "Smoothie Garden.app"; sourceTree = BUILT_PRODUCTS_DIR; };
		DFCB1DBA1B6E4B5C009FCAA3 /* Info.plist */ = {isa = PBXFileReference; lastKnownFileType = text.plist.xml; path = Info.plist; sourceTree = "<group>"; };
		DFCB1DBB1B6E4B5C009FCAA3 /* main.m */ = {isa = PBXFileReference; lastKnownFileType = sourcecode.c.objc; path = main.m; sourceTree = "<group>"; };
		DFCB1DBD1B6E4B5C009FCAA3 /* AppDelegate.h */ = {isa = PBXFileReference; lastKnownFileType = sourcecode.c.h; path = AppDelegate.h; sourceTree = "<group>"; };
		DFCB1DBE1B6E4B5C009FCAA3 /* AppDelegate.m */ = {isa = PBXFileReference; lastKnownFileType = sourcecode.c.objc; path = AppDelegate.m; sourceTree = "<group>"; };
		DFCB1DC01B6E4B5C009FCAA3 /* FirstViewController.h */ = {isa = PBXFileReference; lastKnownFileType = sourcecode.c.h; path = FirstViewController.h; sourceTree = "<group>"; };
		DFCB1DC11B6E4B5C009FCAA3 /* FirstViewController.m */ = {isa = PBXFileReference; lastKnownFileType = sourcecode.c.objc; path = FirstViewController.m; sourceTree = "<group>"; };
		DFCB1DC31B6E4B5C009FCAA3 /* SecondViewController.h */ = {isa = PBXFileReference; lastKnownFileType = sourcecode.c.h; path = SecondViewController.h; sourceTree = "<group>"; };
		DFCB1DC41B6E4B5C009FCAA3 /* SecondViewController.m */ = {isa = PBXFileReference; lastKnownFileType = sourcecode.c.objc; path = SecondViewController.m; sourceTree = "<group>"; };
		DFCB1DC71B6E4B5C009FCAA3 /* Base */ = {isa = PBXFileReference; lastKnownFileType = file.storyboard; name = Base; path = Base.lproj/Main.storyboard; sourceTree = "<group>"; };
		DFCB1DC91B6E4B5C009FCAA3 /* Images.xcassets */ = {isa = PBXFileReference; lastKnownFileType = folder.assetcatalog; path = Images.xcassets; sourceTree = "<group>"; };
		DFCB1DCC1B6E4B5C009FCAA3 /* Base */ = {isa = PBXFileReference; lastKnownFileType = file.xib; name = Base; path = Base.lproj/LaunchScreen.xib; sourceTree = "<group>"; };
		DFCB1DD21B6E4B5C009FCAA3 /* Smoothie GardenTests.xctest */ = {isa = PBXFileReference; explicitFileType = wrapper.cfbundle; includeInIndex = 0; path = "Smoothie GardenTests.xctest"; sourceTree = BUILT_PRODUCTS_DIR; };
		DFCB1DD71B6E4B5C009FCAA3 /* Info.plist */ = {isa = PBXFileReference; lastKnownFileType = text.plist.xml; path = Info.plist; sourceTree = "<group>"; };
		DFCB1DD81B6E4B5C009FCAA3 /* Smoothie_GardenTests.m */ = {isa = PBXFileReference; lastKnownFileType = sourcecode.c.objc; path = Smoothie_GardenTests.m; sourceTree = "<group>"; };
/* End PBXFileReference section */

/* Begin PBXFrameworksBuildPhase section */
		DFCB1DB31B6E4B5C009FCAA3 /* Frameworks */ = {
			isa = PBXFrameworksBuildPhase;
			buildActionMask = 2147483647;
			files = (
			);
			runOnlyForDeploymentPostprocessing = 0;
		};
		DFCB1DCF1B6E4B5C009FCAA3 /* Frameworks */ = {
			isa = PBXFrameworksBuildPhase;
			buildActionMask = 2147483647;
			files = (
			);
			runOnlyForDeploymentPostprocessing = 0;
		};
/* End PBXFrameworksBuildPhase section */

/* Begin PBXGroup section */
		DF2503ED1B73D8E2002AA3CE /* Custom UITableViewCells */ = {
			isa = PBXGroup;
			children = (
				DF2503EE1B73D914002AA3CE /* RecipeTableViewCell.h */,
				DF2503EF1B73D914002AA3CE /* RecipeTableViewCell.m */,
			);
			name = "Custom UITableViewCells";
			sourceTree = "<group>";
		};
		DF5B55CE1B73C51600F27092 /* Custom UIViews */ = {
			isa = PBXGroup;
			children = (
				DF63989C1B8CDD6900C3E966 /* Sidebar */,
				DF5B55CB1B73C4EB00F27092 /* RecipeTableViewController.h */,
				DF5B55CC1B73C4EB00F27092 /* RecipeTableViewController.m */,
				DF9C5BEB1B77980100B46B9D /* DetailedRecipeViewController.h */,
				DF9C5BEC1B77980100B46B9D /* DetailedRecipeViewController.m */,
				DF75DFD51B8A228000200D89 /* SidebarTableViewController.h */,
				DF75DFD61B8A228000200D89 /* SidebarTableViewController.m */,
				DF1FC4291B9331F9007F9A0F /* SmoothieTabBarViewController.h */,
				DF1FC42A1B9331F9007F9A0F /* SmoothieTabBarViewController.m */,
			);
			name = "Custom UIViews";
			sourceTree = "<group>";
		};
		DF63989C1B8CDD6900C3E966 /* Sidebar */ = {
			isa = PBXGroup;
			children = (
				DF63989D1B8CDE6200C3E966 /* AboutViewController.h */,
				DF63989E1B8CDE6200C3E966 /* AboutViewController.m */,
			);
			name = Sidebar;
			sourceTree = "<group>";
		};
		DF75DFC71B85CB4D00200D89 /* Images */ = {
			isa = PBXGroup;
			children = (
				DF459B261BA41900002F3162 /* Menu Filled-25.png */,
				DF459B271BA41900002F3162 /* Menu-25.png */,
				DF459B221BA41819002F3162 /* Menu Filled-100.png */,
				DF459B231BA41819002F3162 /* Menu-100.png */,
				DFA5CCD71BA5CB9100BB1EE3 /* GreenDetox_3x.png */,
				DFA5CCD81BA5CB9100BB1EE3 /* Nutty_2_3x.png */,
				DF459B1C1BA0D95F002F3162 /* GreenGodess_3x.png */,
				DF459B1D1BA0D95F002F3162 /* Raspberry kiss_3x.png */,
				DF459B1E1BA0D95F002F3162 /* UnBeatable_3x.png */,
				DF459B141BA0CE57002F3162 /* Cocoapuchino_3x.png */,
				DF459B171BA0CE57002F3162 /* unbeatable_standing_3x.png */,
				DFAE5AD21B9F6FB3009E0E15 /* Hearts-100.png */,
				DFAE5AD31B9F6FB3009E0E15 /* Like Filled-100.png */,
				DF75DFC81B85CB7B00200D89 /* smoothie_recipes.png */,
				DF2503F31B73FB55002AA3CE /* Tree-gazebo-and-bridge-in-Nitobe-Memorial-Garden.jpg */,
			);
			name = Images;
			sourceTree = "<group>";
		};
		DF75DFCE1B85E3E900200D89 /* SWRevealViewController */ = {
			isa = PBXGroup;
			children = (
				DF75DFCF1B85E40100200D89 /* SWRevealViewController.h */,
				DF75DFD01B85E40100200D89 /* SWRevealViewController.m */,
			);
			name = SWRevealViewController;
			sourceTree = "<group>";
		};
		DF9C5BE71B778CBA00B46B9D /* Custom Objects */ = {
			isa = PBXGroup;
			children = (
				DF9C5BE81B778CD900B46B9D /* Recipe.h */,
				DF9C5BE91B778CD900B46B9D /* Recipe.m */,
			);
			name = "Custom Objects";
			sourceTree = "<group>";
		};
		DFCB1DAD1B6E4B5C009FCAA3 = {
			isa = PBXGroup;
			children = (
				DFCB1DB81B6E4B5C009FCAA3 /* Smoothie Garden */,
				DFCB1DD51B6E4B5C009FCAA3 /* Smoothie GardenTests */,
				DFCB1DB71B6E4B5C009FCAA3 /* Products */,
			);
			sourceTree = "<group>";
		};
		DFCB1DB71B6E4B5C009FCAA3 /* Products */ = {
			isa = PBXGroup;
			children = (
				DFCB1DB61B6E4B5C009FCAA3 /* Smoothie Garden.app */,
				DFCB1DD21B6E4B5C009FCAA3 /* Smoothie GardenTests.xctest */,
			);
			name = Products;
			sourceTree = "<group>";
		};
		DFCB1DB81B6E4B5C009FCAA3 /* Smoothie Garden */ = {
			isa = PBXGroup;
			children = (
				DF75DFCE1B85E3E900200D89 /* SWRevealViewController */,
				DF9C5BE71B778CBA00B46B9D /* Custom Objects */,
				DF2503ED1B73D8E2002AA3CE /* Custom UITableViewCells */,
				DF5B55CE1B73C51600F27092 /* Custom UIViews */,
				DFCB1DBD1B6E4B5C009FCAA3 /* AppDelegate.h */,
				DFCB1DBE1B6E4B5C009FCAA3 /* AppDelegate.m */,
				DFCB1DC01B6E4B5C009FCAA3 /* FirstViewController.h */,
				DFCB1DC11B6E4B5C009FCAA3 /* FirstViewController.m */,
				DFCB1DC31B6E4B5C009FCAA3 /* SecondViewController.h */,
				DFCB1DC41B6E4B5C009FCAA3 /* SecondViewController.m */,
				DFCB1DC61B6E4B5C009FCAA3 /* Main.storyboard */,
				DFCB1DC91B6E4B5C009FCAA3 /* Images.xcassets */,
				DFCB1DCB1B6E4B5C009FCAA3 /* LaunchScreen.xib */,
				DFCB1DB91B6E4B5C009FCAA3 /* Supporting Files */,
				DF1FC42C1B98D8C8007F9A0F /* Recipes.plist */,
			);
			path = "Smoothie Garden";
			sourceTree = "<group>";
		};
		DFCB1DB91B6E4B5C009FCAA3 /* Supporting Files */ = {
			isa = PBXGroup;
			children = (
				DF75DFC71B85CB4D00200D89 /* Images */,
				DFCB1DBA1B6E4B5C009FCAA3 /* Info.plist */,
				DFCB1DBB1B6E4B5C009FCAA3 /* main.m */,
			);
			name = "Supporting Files";
			sourceTree = "<group>";
		};
		DFCB1DD51B6E4B5C009FCAA3 /* Smoothie GardenTests */ = {
			isa = PBXGroup;
			children = (
				DFCB1DD81B6E4B5C009FCAA3 /* Smoothie_GardenTests.m */,
				DFCB1DD61B6E4B5C009FCAA3 /* Supporting Files */,
			);
			path = "Smoothie GardenTests";
			sourceTree = "<group>";
		};
		DFCB1DD61B6E4B5C009FCAA3 /* Supporting Files */ = {
			isa = PBXGroup;
			children = (
				DFCB1DD71B6E4B5C009FCAA3 /* Info.plist */,
			);
			name = "Supporting Files";
			sourceTree = "<group>";
		};
/* End PBXGroup section */

/* Begin PBXNativeTarget section */
		DFCB1DB51B6E4B5C009FCAA3 /* Smoothie Garden */ = {
			isa = PBXNativeTarget;
			buildConfigurationList = DFCB1DDC1B6E4B5C009FCAA3 /* Build configuration list for PBXNativeTarget "Smoothie Garden" */;
			buildPhases = (
				DFCB1DB21B6E4B5C009FCAA3 /* Sources */,
				DFCB1DB31B6E4B5C009FCAA3 /* Frameworks */,
				DFCB1DB41B6E4B5C009FCAA3 /* Resources */,
			);
			buildRules = (
			);
			dependencies = (
			);
			name = "Smoothie Garden";
			productName = "Smoothie Garden";
			productReference = DFCB1DB61B6E4B5C009FCAA3 /* Smoothie Garden.app */;
			productType = "com.apple.product-type.application";
		};
		DFCB1DD11B6E4B5C009FCAA3 /* Smoothie GardenTests */ = {
			isa = PBXNativeTarget;
			buildConfigurationList = DFCB1DDF1B6E4B5C009FCAA3 /* Build configuration list for PBXNativeTarget "Smoothie GardenTests" */;
			buildPhases = (
				DFCB1DCE1B6E4B5C009FCAA3 /* Sources */,
				DFCB1DCF1B6E4B5C009FCAA3 /* Frameworks */,
				DFCB1DD01B6E4B5C009FCAA3 /* Resources */,
			);
			buildRules = (
			);
			dependencies = (
				DFCB1DD41B6E4B5C009FCAA3 /* PBXTargetDependency */,
			);
			name = "Smoothie GardenTests";
			productName = "Smoothie GardenTests";
			productReference = DFCB1DD21B6E4B5C009FCAA3 /* Smoothie GardenTests.xctest */;
			productType = "com.apple.product-type.bundle.unit-test";
		};
/* End PBXNativeTarget section */

/* Begin PBXProject section */
		DFCB1DAE1B6E4B5C009FCAA3 /* Project object */ = {
			isa = PBXProject;
			attributes = {
				LastUpgradeCheck = 0630;
				ORGANIZATIONNAME = "Jonas C Björkell";
				TargetAttributes = {
					DFCB1DB51B6E4B5C009FCAA3 = {
						CreatedOnToolsVersion = 6.3.1;
					};
					DFCB1DD11B6E4B5C009FCAA3 = {
						CreatedOnToolsVersion = 6.3.1;
						TestTargetID = DFCB1DB51B6E4B5C009FCAA3;
					};
				};
			};
			buildConfigurationList = DFCB1DB11B6E4B5C009FCAA3 /* Build configuration list for PBXProject "Smoothie Garden" */;
			compatibilityVersion = "Xcode 3.2";
			developmentRegion = English;
			hasScannedForEncodings = 0;
			knownRegions = (
				en,
				Base,
			);
			mainGroup = DFCB1DAD1B6E4B5C009FCAA3;
			productRefGroup = DFCB1DB71B6E4B5C009FCAA3 /* Products */;
			projectDirPath = "";
			projectRoot = "";
			targets = (
				DFCB1DB51B6E4B5C009FCAA3 /* Smoothie Garden */,
				DFCB1DD11B6E4B5C009FCAA3 /* Smoothie GardenTests */,
			);
		};
/* End PBXProject section */

/* Begin PBXResourcesBuildPhase section */
		DFCB1DB41B6E4B5C009FCAA3 /* Resources */ = {
			isa = PBXResourcesBuildPhase;
			buildActionMask = 2147483647;
			files = (
				DF459B251BA41819002F3162 /* Menu-100.png in Resources */,
				DF459B281BA41900002F3162 /* Menu Filled-25.png in Resources */,
				DF1FC42D1B98D8C8007F9A0F /* Recipes.plist in Resources */,
				DFA5CCD91BA5CB9100BB1EE3 /* GreenDetox_3x.png in Resources */,
				DF459B291BA41900002F3162 /* Menu-25.png in Resources */,
				DF459B181BA0CE57002F3162 /* Cocoapuchino_3x.png in Resources */,
				DF459B211BA0D95F002F3162 /* UnBeatable_3x.png in Resources */,
				DFAE5AD51B9F6FB3009E0E15 /* Like Filled-100.png in Resources */,
				DF459B201BA0D95F002F3162 /* Raspberry kiss_3x.png in Resources */,
				DFA5CCDA1BA5CB9100BB1EE3 /* Nutty_2_3x.png in Resources */,
				DF459B1B1BA0CE57002F3162 /* unbeatable_standing_3x.png in Resources */,
				DF75DFC91B85CB7B00200D89 /* smoothie_recipes.png in Resources */,
				DF2503F41B73FB55002AA3CE /* Tree-gazebo-and-bridge-in-Nitobe-Memorial-Garden.jpg in Resources */,
				DFCB1DC81B6E4B5C009FCAA3 /* Main.storyboard in Resources */,
				DFCB1DCD1B6E4B5C009FCAA3 /* LaunchScreen.xib in Resources */,
				DFAE5AD41B9F6FB3009E0E15 /* Hearts-100.png in Resources */,
				DF459B1F1BA0D95F002F3162 /* GreenGodess_3x.png in Resources */,
				DFCB1DCA1B6E4B5C009FCAA3 /* Images.xcassets in Resources */,
				DF459B241BA41819002F3162 /* Menu Filled-100.png in Resources */,
			);
			runOnlyForDeploymentPostprocessing = 0;
		};
		DFCB1DD01B6E4B5C009FCAA3 /* Resources */ = {
			isa = PBXResourcesBuildPhase;
			buildActionMask = 2147483647;
			files = (
			);
			runOnlyForDeploymentPostprocessing = 0;
		};
/* End PBXResourcesBuildPhase section */

/* Begin PBXSourcesBuildPhase section */
		DFCB1DB21B6E4B5C009FCAA3 /* Sources */ = {
			isa = PBXSourcesBuildPhase;
			buildActionMask = 2147483647;
			files = (
				DF1FC42B1B9331F9007F9A0F /* SmoothieTabBarViewController.m in Sources */,
				DF75DFD71B8A228000200D89 /* SidebarTableViewController.m in Sources */,
				DF5B55CD1B73C4EB00F27092 /* RecipeTableViewController.m in Sources */,
				DF9C5BEA1B778CD900B46B9D /* Recipe.m in Sources */,
				DFCB1DC51B6E4B5C009FCAA3 /* SecondViewController.m in Sources */,
				DFCB1DBF1B6E4B5C009FCAA3 /* AppDelegate.m in Sources */,
				DF9C5BED1B77980100B46B9D /* DetailedRecipeViewController.m in Sources */,
				DF75DFD11B85E40100200D89 /* SWRevealViewController.m in Sources */,
				DFCB1DC21B6E4B5C009FCAA3 /* FirstViewController.m in Sources */,
				DF63989F1B8CDE6200C3E966 /* AboutViewController.m in Sources */,
				DFCB1DBC1B6E4B5C009FCAA3 /* main.m in Sources */,
				DF2503F01B73D914002AA3CE /* RecipeTableViewCell.m in Sources */,
			);
			runOnlyForDeploymentPostprocessing = 0;
		};
		DFCB1DCE1B6E4B5C009FCAA3 /* Sources */ = {
			isa = PBXSourcesBuildPhase;
			buildActionMask = 2147483647;
			files = (
				DFCB1DD91B6E4B5C009FCAA3 /* Smoothie_GardenTests.m in Sources */,
			);
			runOnlyForDeploymentPostprocessing = 0;
		};
/* End PBXSourcesBuildPhase section */

/* Begin PBXTargetDependency section */
		DFCB1DD41B6E4B5C009FCAA3 /* PBXTargetDependency */ = {
			isa = PBXTargetDependency;
			target = DFCB1DB51B6E4B5C009FCAA3 /* Smoothie Garden */;
			targetProxy = DFCB1DD31B6E4B5C009FCAA3 /* PBXContainerItemProxy */;
		};
/* End PBXTargetDependency section */

/* Begin PBXVariantGroup section */
		DFCB1DC61B6E4B5C009FCAA3 /* Main.storyboard */ = {
			isa = PBXVariantGroup;
			children = (
				DFCB1DC71B6E4B5C009FCAA3 /* Base */,
			);
			name = Main.storyboard;
			sourceTree = "<group>";
		};
		DFCB1DCB1B6E4B5C009FCAA3 /* LaunchScreen.xib */ = {
			isa = PBXVariantGroup;
			children = (
				DFCB1DCC1B6E4B5C009FCAA3 /* Base */,
			);
			name = LaunchScreen.xib;
			sourceTree = "<group>";
		};
/* End PBXVariantGroup section */

/* Begin XCBuildConfiguration section */
		DFCB1DDA1B6E4B5C009FCAA3 /* Debug */ = {
			isa = XCBuildConfiguration;
			buildSettings = {
				ALWAYS_SEARCH_USER_PATHS = NO;
				CLANG_CXX_LANGUAGE_STANDARD = "gnu++0x";
				CLANG_CXX_LIBRARY = "libc++";
				CLANG_ENABLE_MODULES = YES;
				CLANG_ENABLE_OBJC_ARC = YES;
				CLANG_WARN_BOOL_CONVERSION = YES;
				CLANG_WARN_CONSTANT_CONVERSION = YES;
				CLANG_WARN_DIRECT_OBJC_ISA_USAGE = YES_ERROR;
				CLANG_WARN_EMPTY_BODY = YES;
				CLANG_WARN_ENUM_CONVERSION = YES;
				CLANG_WARN_INT_CONVERSION = YES;
				CLANG_WARN_OBJC_ROOT_CLASS = YES_ERROR;
				CLANG_WARN_UNREACHABLE_CODE = YES;
				CLANG_WARN__DUPLICATE_METHOD_MATCH = YES;
				"CODE_SIGN_IDENTITY[sdk=iphoneos*]" = "iPhone Developer";
				COPY_PHASE_STRIP = NO;
				DEBUG_INFORMATION_FORMAT = "dwarf-with-dsym";
				ENABLE_STRICT_OBJC_MSGSEND = YES;
				GCC_C_LANGUAGE_STANDARD = gnu99;
				GCC_DYNAMIC_NO_PIC = NO;
				GCC_NO_COMMON_BLOCKS = YES;
				GCC_OPTIMIZATION_LEVEL = 0;
				GCC_PREPROCESSOR_DEFINITIONS = (
					"DEBUG=1",
					"$(inherited)",
				);
				GCC_SYMBOLS_PRIVATE_EXTERN = NO;
				GCC_WARN_64_TO_32_BIT_CONVERSION = YES;
				GCC_WARN_ABOUT_RETURN_TYPE = YES_ERROR;
				GCC_WARN_UNDECLARED_SELECTOR = YES;
				GCC_WARN_UNINITIALIZED_AUTOS = YES_AGGRESSIVE;
				GCC_WARN_UNUSED_FUNCTION = YES;
				GCC_WARN_UNUSED_VARIABLE = YES;
				IPHONEOS_DEPLOYMENT_TARGET = 8.3;
				MTL_ENABLE_DEBUG_INFO = YES;
				ONLY_ACTIVE_ARCH = YES;
				SDKROOT = iphoneos;
				TARGETED_DEVICE_FAMILY = "1,2";
			};
			name = Debug;
		};
		DFCB1DDB1B6E4B5C009FCAA3 /* Release */ = {
			isa = XCBuildConfiguration;
			buildSettings = {
				ALWAYS_SEARCH_USER_PATHS = NO;
				CLANG_CXX_LANGUAGE_STANDARD = "gnu++0x";
				CLANG_CXX_LIBRARY = "libc++";
				CLANG_ENABLE_MODULES = YES;
				CLANG_ENABLE_OBJC_ARC = YES;
				CLANG_WARN_BOOL_CONVERSION = YES;
				CLANG_WARN_CONSTANT_CONVERSION = YES;
				CLANG_WARN_DIRECT_OBJC_ISA_USAGE = YES_ERROR;
				CLANG_WARN_EMPTY_BODY = YES;
				CLANG_WARN_ENUM_CONVERSION = YES;
				CLANG_WARN_INT_CONVERSION = YES;
				CLANG_WARN_OBJC_ROOT_CLASS = YES_ERROR;
				CLANG_WARN_UNREACHABLE_CODE = YES;
				CLANG_WARN__DUPLICATE_METHOD_MATCH = YES;
				"CODE_SIGN_IDENTITY[sdk=iphoneos*]" = "iPhone Developer";
				COPY_PHASE_STRIP = NO;
				DEBUG_INFORMATION_FORMAT = "dwarf-with-dsym";
				ENABLE_NS_ASSERTIONS = NO;
				ENABLE_STRICT_OBJC_MSGSEND = YES;
				GCC_C_LANGUAGE_STANDARD = gnu99;
				GCC_NO_COMMON_BLOCKS = YES;
				GCC_WARN_64_TO_32_BIT_CONVERSION = YES;
				GCC_WARN_ABOUT_RETURN_TYPE = YES_ERROR;
				GCC_WARN_UNDECLARED_SELECTOR = YES;
				GCC_WARN_UNINITIALIZED_AUTOS = YES_AGGRESSIVE;
				GCC_WARN_UNUSED_FUNCTION = YES;
				GCC_WARN_UNUSED_VARIABLE = YES;
				IPHONEOS_DEPLOYMENT_TARGET = 8.3;
				MTL_ENABLE_DEBUG_INFO = NO;
				SDKROOT = iphoneos;
				TARGETED_DEVICE_FAMILY = "1,2";
				VALIDATE_PRODUCT = YES;
			};
			name = Release;
		};
		DFCB1DDD1B6E4B5C009FCAA3 /* Debug */ = {
			isa = XCBuildConfiguration;
			buildSettings = {
				ASSETCATALOG_COMPILER_APPICON_NAME = AppIcon;
				INFOPLIST_FILE = "Smoothie Garden/Info.plist";
				LD_RUNPATH_SEARCH_PATHS = "$(inherited) @executable_path/Frameworks";
				PRODUCT_NAME = "$(TARGET_NAME)";
			};
			name = Debug;
		};
		DFCB1DDE1B6E4B5C009FCAA3 /* Release */ = {
			isa = XCBuildConfiguration;
			buildSettings = {
				ASSETCATALOG_COMPILER_APPICON_NAME = AppIcon;
				INFOPLIST_FILE = "Smoothie Garden/Info.plist";
				LD_RUNPATH_SEARCH_PATHS = "$(inherited) @executable_path/Frameworks";
				PRODUCT_NAME = "$(TARGET_NAME)";
			};
			name = Release;
		};
		DFCB1DE01B6E4B5C009FCAA3 /* Debug */ = {
			isa = XCBuildConfiguration;
			buildSettings = {
				BUNDLE_LOADER = "$(TEST_HOST)";
				FRAMEWORK_SEARCH_PATHS = (
					"$(SDKROOT)/Developer/Library/Frameworks",
					"$(inherited)",
				);
				GCC_PREPROCESSOR_DEFINITIONS = (
					"DEBUG=1",
					"$(inherited)",
				);
				INFOPLIST_FILE = "Smoothie GardenTests/Info.plist";
				LD_RUNPATH_SEARCH_PATHS = "$(inherited) @executable_path/Frameworks @loader_path/Frameworks";
				PRODUCT_NAME = "$(TARGET_NAME)";
				TEST_HOST = "$(BUILT_PRODUCTS_DIR)/Smoothie Garden.app/Smoothie Garden";
			};
			name = Debug;
		};
		DFCB1DE11B6E4B5C009FCAA3 /* Release */ = {
			isa = XCBuildConfiguration;
			buildSettings = {
				BUNDLE_LOADER = "$(TEST_HOST)";
				FRAMEWORK_SEARCH_PATHS = (
					"$(SDKROOT)/Developer/Library/Frameworks",
					"$(inherited)",
				);
				INFOPLIST_FILE = "Smoothie GardenTests/Info.plist";
				LD_RUNPATH_SEARCH_PATHS = "$(inherited) @executable_path/Frameworks @loader_path/Frameworks";
				PRODUCT_NAME = "$(TARGET_NAME)";
				TEST_HOST = "$(BUILT_PRODUCTS_DIR)/Smoothie Garden.app/Smoothie Garden";
			};
			name = Release;
		};
/* End XCBuildConfiguration section */

/* Begin XCConfigurationList section */
		DFCB1DB11B6E4B5C009FCAA3 /* Build configuration list for PBXProject "Smoothie Garden" */ = {
			isa = XCConfigurationList;
			buildConfigurations = (
				DFCB1DDA1B6E4B5C009FCAA3 /* Debug */,
				DFCB1DDB1B6E4B5C009FCAA3 /* Release */,
			);
			defaultConfigurationIsVisible = 0;
			defaultConfigurationName = Release;
		};
		DFCB1DDC1B6E4B5C009FCAA3 /* Build configuration list for PBXNativeTarget "Smoothie Garden" */ = {
			isa = XCConfigurationList;
			buildConfigurations = (
				DFCB1DDD1B6E4B5C009FCAA3 /* Debug */,
				DFCB1DDE1B6E4B5C009FCAA3 /* Release */,
			);
			defaultConfigurationIsVisible = 0;
			defaultConfigurationName = Release;
		};
		DFCB1DDF1B6E4B5C009FCAA3 /* Build configuration list for PBXNativeTarget "Smoothie GardenTests" */ = {
			isa = XCConfigurationList;
			buildConfigurations = (
				DFCB1DE01B6E4B5C009FCAA3 /* Debug */,
				DFCB1DE11B6E4B5C009FCAA3 /* Release */,
			);
			defaultConfigurationIsVisible = 0;
			defaultConfigurationName = Release;
		};
/* End XCConfigurationList section */
	};
	rootObject = DFCB1DAE1B6E4B5C009FCAA3 /* Project object */;
}
